// !$*UTF8*$!
{
	archiveVersion = 1;
	classes = {
	};
	objectVersion = 56;
	objects = {

/* Begin PBXBuildFile section */
		B700428F299DE92600FF5B4E /* AppDelegate.swift in Sources */ = {isa = PBXBuildFile; fileRef = B700428E299DE92600FF5B4E /* AppDelegate.swift */; };
		B7004291299DE92600FF5B4E /* SceneDelegate.swift in Sources */ = {isa = PBXBuildFile; fileRef = B7004290299DE92600FF5B4E /* SceneDelegate.swift */; };
		B7004293299DE92600FF5B4E /* ViewController.swift in Sources */ = {isa = PBXBuildFile; fileRef = B7004292299DE92600FF5B4E /* ViewController.swift */; };
		B7004296299DE92600FF5B4E /* Main.storyboard in Resources */ = {isa = PBXBuildFile; fileRef = B7004294299DE92600FF5B4E /* Main.storyboard */; };
		B7004298299DE92700FF5B4E /* Assets.xcassets in Resources */ = {isa = PBXBuildFile; fileRef = B7004297299DE92700FF5B4E /* Assets.xcassets */; };
		B700429B299DE92700FF5B4E /* LaunchScreen.storyboard in Resources */ = {isa = PBXBuildFile; fileRef = B7004299299DE92700FF5B4E /* LaunchScreen.storyboard */; };
		B72C8B8B2A162D4100E11172 /* TabBar.storyboard in Resources */ = {isa = PBXBuildFile; fileRef = B72C8B8A2A162D4100E11172 /* TabBar.storyboard */; };
		B72C8B8D2A163F8400E11172 /* TabBarVC.swift in Sources */ = {isa = PBXBuildFile; fileRef = B72C8B8C2A163F8400E11172 /* TabBarVC.swift */; };
		B72C8B8F2A1640EC00E11172 /* ImagePicker.storyboard in Resources */ = {isa = PBXBuildFile; fileRef = B72C8B8E2A1640EC00E11172 /* ImagePicker.storyboard */; };
		B740DBF12A1E066F00D7D28C /* SearchBarCell.xib in Resources */ = {isa = PBXBuildFile; fileRef = B740DBF02A1E066F00D7D28C /* SearchBarCell.xib */; };
		B75E81D42A0CEEF200D3616F /* BooksCollectionCell.swift in Sources */ = {isa = PBXBuildFile; fileRef = B75E81D22A0CEEF200D3616F /* BooksCollectionCell.swift */; };
		B75E81D52A0CEEF200D3616F /* BooksCollectionCell.xib in Resources */ = {isa = PBXBuildFile; fileRef = B75E81D32A0CEEF200D3616F /* BooksCollectionCell.xib */; };
		B75E81D82A0CEF0500D3616F /* BooksCollectionVC.swift in Sources */ = {isa = PBXBuildFile; fileRef = B75E81D72A0CEF0500D3616F /* BooksCollectionVC.swift */; };
		B75E81DA2A0CEF5B00D3616F /* BooksAndEmails.swift in Sources */ = {isa = PBXBuildFile; fileRef = B75E81D92A0CEF5B00D3616F /* BooksAndEmails.swift */; };
		B75E81DC2A0CEF9200D3616F /* UIImages.swift in Sources */ = {isa = PBXBuildFile; fileRef = B75E81DB2A0CEF9200D3616F /* UIImages.swift */; };
		B75E81DE2A0D1CCE00D3616F /* Fonts.swift in Sources */ = {isa = PBXBuildFile; fileRef = B75E81DD2A0D1CCE00D3616F /* Fonts.swift */; };
		B76C8EE72A0BA245001B3403 /* UIComponentsPart1.storyboard in Resources */ = {isa = PBXBuildFile; fileRef = B76C8EE62A0BA245001B3403 /* UIComponentsPart1.storyboard */; };
		B76C8EF22A0BA30D001B3403 /* ScrollVC.swift in Sources */ = {isa = PBXBuildFile; fileRef = B76C8EE92A0BA30C001B3403 /* ScrollVC.swift */; };
		B76C8EF32A0BA30D001B3403 /* ButtonVC.swift in Sources */ = {isa = PBXBuildFile; fileRef = B76C8EEA2A0BA30C001B3403 /* ButtonVC.swift */; };
		B76C8EF42A0BA30D001B3403 /* SwitchViewVC.swift in Sources */ = {isa = PBXBuildFile; fileRef = B76C8EEB2A0BA30C001B3403 /* SwitchViewVC.swift */; };
		B76C8EF52A0BA30D001B3403 /* SegmentedControlVC.swift in Sources */ = {isa = PBXBuildFile; fileRef = B76C8EEC2A0BA30C001B3403 /* SegmentedControlVC.swift */; };
		B76C8EF62A0BA30D001B3403 /* TextViewVC.swift in Sources */ = {isa = PBXBuildFile; fileRef = B76C8EED2A0BA30C001B3403 /* TextViewVC.swift */; };
		B76C8EF72A0BA30D001B3403 /* TextFieldVC.swift in Sources */ = {isa = PBXBuildFile; fileRef = B76C8EEE2A0BA30C001B3403 /* TextFieldVC.swift */; };
		B76C8EF82A0BA30D001B3403 /* ProgressViewVC.swift in Sources */ = {isa = PBXBuildFile; fileRef = B76C8EEF2A0BA30C001B3403 /* ProgressViewVC.swift */; };
		B76C8EF92A0BA30D001B3403 /* SliderVC.swift in Sources */ = {isa = PBXBuildFile; fileRef = B76C8EF02A0BA30C001B3403 /* SliderVC.swift */; };
		B76C8EFA2A0BA30D001B3403 /* StepperVC.swift in Sources */ = {isa = PBXBuildFile; fileRef = B76C8EF12A0BA30C001B3403 /* StepperVC.swift */; };
		B76C8EFC2A0BA725001B3403 /* UIComponentsSecondPart.storyboard in Resources */ = {isa = PBXBuildFile; fileRef = B76C8EFB2A0BA725001B3403 /* UIComponentsSecondPart.storyboard */; };
		B76C8F0E2A0BA796001B3403 /* ExpandableSectionDetails.swift in Sources */ = {isa = PBXBuildFile; fileRef = B76C8EFF2A0BA796001B3403 /* ExpandableSectionDetails.swift */; };
		B76C8F0F2A0BA796001B3403 /* UserDetails.swift in Sources */ = {isa = PBXBuildFile; fileRef = B76C8F002A0BA796001B3403 /* UserDetails.swift */; };
		B76C8F102A0BA796001B3403 /* AppConstants.swift in Sources */ = {isa = PBXBuildFile; fileRef = B76C8F012A0BA796001B3403 /* AppConstants.swift */; };
		B76C8F112A0BA796001B3403 /* CustomNames.swift in Sources */ = {isa = PBXBuildFile; fileRef = B76C8F022A0BA796001B3403 /* CustomNames.swift */; };
		B76C8F122A0BA796001B3403 /* UIComponentsSecondPartVC.swift in Sources */ = {isa = PBXBuildFile; fileRef = B76C8F052A0BA796001B3403 /* UIComponentsSecondPartVC.swift */; };
		B76C8F132A0BA796001B3403 /* CustomTableVC.swift in Sources */ = {isa = PBXBuildFile; fileRef = B76C8F062A0BA796001B3403 /* CustomTableVC.swift */; };
		B76C8F142A0BA796001B3403 /* ExpandableVC.swift in Sources */ = {isa = PBXBuildFile; fileRef = B76C8F072A0BA796001B3403 /* ExpandableVC.swift */; };
		B76C8F152A0BA796001B3403 /* UserTableViewVC.swift in Sources */ = {isa = PBXBuildFile; fileRef = B76C8F082A0BA796001B3403 /* UserTableViewVC.swift */; };
		B76C8F162A0BA796001B3403 /* CustomCell.swift in Sources */ = {isa = PBXBuildFile; fileRef = B76C8F0A2A0BA796001B3403 /* CustomCell.swift */; };
		B76C8F172A0BA796001B3403 /* ExpandableCell.swift in Sources */ = {isa = PBXBuildFile; fileRef = B76C8F0B2A0BA796001B3403 /* ExpandableCell.swift */; };
		B76C8F182A0BA796001B3403 /* UserTableViewCell.swift in Sources */ = {isa = PBXBuildFile; fileRef = B76C8F0C2A0BA796001B3403 /* UserTableViewCell.swift */; };
		B76C8F192A0BA796001B3403 /* ExpandableCell.xib in Resources */ = {isa = PBXBuildFile; fileRef = B76C8F0D2A0BA796001B3403 /* ExpandableCell.xib */; };
		B797BEE22A151D4500703F02 /* ImagePickerVC.swift in Sources */ = {isa = PBXBuildFile; fileRef = B797BEE12A151D4500703F02 /* ImagePickerVC.swift */; };
		B7C6FC1D2A120E4F003BA164 /* HeaderCell.swift in Sources */ = {isa = PBXBuildFile; fileRef = B7C6FC1B2A120E4F003BA164 /* HeaderCell.swift */; };
		B7C6FC1E2A120E4F003BA164 /* HeaderCell.xib in Resources */ = {isa = PBXBuildFile; fileRef = B7C6FC1C2A120E4F003BA164 /* HeaderCell.xib */; };
		B7C6FC212A122352003BA164 /* FooterCell.swift in Sources */ = {isa = PBXBuildFile; fileRef = B7C6FC1F2A122352003BA164 /* FooterCell.swift */; };
		B7C6FC222A122352003BA164 /* FooterCell.xib in Resources */ = {isa = PBXBuildFile; fileRef = B7C6FC202A122352003BA164 /* FooterCell.xib */; };
		B7C6FC252A122EFC003BA164 /* EmailCell.swift in Sources */ = {isa = PBXBuildFile; fileRef = B7C6FC232A122EFC003BA164 /* EmailCell.swift */; };
		B7C6FC262A122EFC003BA164 /* EmailCell.xib in Resources */ = {isa = PBXBuildFile; fileRef = B7C6FC242A122EFC003BA164 /* EmailCell.xib */; };
		B7E72CBD2A1D1C4400D84812 /* SearchBar.storyboard in Resources */ = {isa = PBXBuildFile; fileRef = B7E72CBC2A1D1C4400D84812 /* SearchBar.storyboard */; };
		B7EBA33B2A14A6980095F8DB /* Fruits.swift in Sources */ = {isa = PBXBuildFile; fileRef = B7EBA33A2A14A6980095F8DB /* Fruits.swift */; };
		B7EBA33D2A14A6A20095F8DB /* SearchBarVC.swift in Sources */ = {isa = PBXBuildFile; fileRef = B7EBA33C2A14A6A20095F8DB /* SearchBarVC.swift */; };
		B7EBA3432A14A6FF0095F8DB /* SearchBarCell.swift in Sources */ = {isa = PBXBuildFile; fileRef = B7EBA3422A14A6FF0095F8DB /* SearchBarCell.swift */; };
		B7EBA3452A14CC320095F8DB /* StackViewAndToolBar.storyboard in Resources */ = {isa = PBXBuildFile; fileRef = B7EBA3442A14CC320095F8DB /* StackViewAndToolBar.storyboard */; };
		B7EBA3472A14CC7D0095F8DB /* StackViewVC.swift in Sources */ = {isa = PBXBuildFile; fileRef = B7EBA3462A14CC7D0095F8DB /* StackViewVC.swift */; };
/* End PBXBuildFile section */

/* Begin PBXFileReference section */
		B700428B299DE92600FF5B4E /* GreetingApp */ = {isa = PBXFileReference; explicitFileType = wrapper.application; includeInIndex = 0; name = GreetingApp; path = GreetingApp.app; sourceTree = BUILT_PRODUCTS_DIR; };
		B700428E299DE92600FF5B4E /* AppDelegate.swift */ = {isa = PBXFileReference; lastKnownFileType = sourcecode.swift; path = AppDelegate.swift; sourceTree = "<group>"; };
		B7004290299DE92600FF5B4E /* SceneDelegate.swift */ = {isa = PBXFileReference; lastKnownFileType = sourcecode.swift; path = SceneDelegate.swift; sourceTree = "<group>"; };
		B7004292299DE92600FF5B4E /* ViewController.swift */ = {isa = PBXFileReference; lastKnownFileType = sourcecode.swift; path = ViewController.swift; sourceTree = "<group>"; };
		B7004295299DE92600FF5B4E /* Base */ = {isa = PBXFileReference; lastKnownFileType = file.storyboard; name = Base; path = Base.lproj/Main.storyboard; sourceTree = "<group>"; };
		B7004297299DE92700FF5B4E /* Assets.xcassets */ = {isa = PBXFileReference; lastKnownFileType = folder.assetcatalog; path = Assets.xcassets; sourceTree = "<group>"; };
		B700429A299DE92700FF5B4E /* Base */ = {isa = PBXFileReference; lastKnownFileType = file.storyboard; name = Base; path = Base.lproj/LaunchScreen.storyboard; sourceTree = "<group>"; };
		B700429C299DE92700FF5B4E /* Info.plist */ = {isa = PBXFileReference; lastKnownFileType = text.plist.xml; path = Info.plist; sourceTree = "<group>"; };
		B72C8B8A2A162D4100E11172 /* TabBar.storyboard */ = {isa = PBXFileReference; lastKnownFileType = file.storyboard; path = TabBar.storyboard; sourceTree = "<group>"; };
		B72C8B8C2A163F8400E11172 /* TabBarVC.swift */ = {isa = PBXFileReference; lastKnownFileType = sourcecode.swift; path = TabBarVC.swift; sourceTree = "<group>"; };
		B72C8B8E2A1640EC00E11172 /* ImagePicker.storyboard */ = {isa = PBXFileReference; lastKnownFileType = file.storyboard; path = ImagePicker.storyboard; sourceTree = "<group>"; };
		B740DBF02A1E066F00D7D28C /* SearchBarCell.xib */ = {isa = PBXFileReference; fileEncoding = 4; lastKnownFileType = file.xib; path = SearchBarCell.xib; sourceTree = "<group>"; };
		B75E81D22A0CEEF200D3616F /* BooksCollectionCell.swift */ = {isa = PBXFileReference; fileEncoding = 4; lastKnownFileType = sourcecode.swift; path = BooksCollectionCell.swift; sourceTree = "<group>"; };
		B75E81D32A0CEEF200D3616F /* BooksCollectionCell.xib */ = {isa = PBXFileReference; fileEncoding = 4; lastKnownFileType = file.xib; path = BooksCollectionCell.xib; sourceTree = "<group>"; };
		B75E81D72A0CEF0500D3616F /* BooksCollectionVC.swift */ = {isa = PBXFileReference; fileEncoding = 4; lastKnownFileType = sourcecode.swift; path = BooksCollectionVC.swift; sourceTree = "<group>"; };
		B75E81D92A0CEF5B00D3616F /* BooksAndEmails.swift */ = {isa = PBXFileReference; fileEncoding = 4; lastKnownFileType = sourcecode.swift; path = BooksAndEmails.swift; sourceTree = "<group>"; };
		B75E81DB2A0CEF9200D3616F /* UIImages.swift */ = {isa = PBXFileReference; fileEncoding = 4; lastKnownFileType = sourcecode.swift; path = UIImages.swift; sourceTree = "<group>"; };
		B75E81DD2A0D1CCE00D3616F /* Fonts.swift */ = {isa = PBXFileReference; lastKnownFileType = sourcecode.swift; path = Fonts.swift; sourceTree = "<group>"; };
		B76C8EE62A0BA245001B3403 /* UIComponentsPart1.storyboard */ = {isa = PBXFileReference; lastKnownFileType = file.storyboard; path = UIComponentsPart1.storyboard; sourceTree = "<group>"; };
		B76C8EE92A0BA30C001B3403 /* ScrollVC.swift */ = {isa = PBXFileReference; fileEncoding = 4; lastKnownFileType = sourcecode.swift; path = ScrollVC.swift; sourceTree = "<group>"; };
		B76C8EEA2A0BA30C001B3403 /* ButtonVC.swift */ = {isa = PBXFileReference; fileEncoding = 4; lastKnownFileType = sourcecode.swift; path = ButtonVC.swift; sourceTree = "<group>"; };
		B76C8EEB2A0BA30C001B3403 /* SwitchViewVC.swift */ = {isa = PBXFileReference; fileEncoding = 4; lastKnownFileType = sourcecode.swift; path = SwitchViewVC.swift; sourceTree = "<group>"; };
		B76C8EEC2A0BA30C001B3403 /* SegmentedControlVC.swift */ = {isa = PBXFileReference; fileEncoding = 4; lastKnownFileType = sourcecode.swift; path = SegmentedControlVC.swift; sourceTree = "<group>"; };
		B76C8EED2A0BA30C001B3403 /* TextViewVC.swift */ = {isa = PBXFileReference; fileEncoding = 4; lastKnownFileType = sourcecode.swift; path = TextViewVC.swift; sourceTree = "<group>"; };
		B76C8EEE2A0BA30C001B3403 /* TextFieldVC.swift */ = {isa = PBXFileReference; fileEncoding = 4; lastKnownFileType = sourcecode.swift; path = TextFieldVC.swift; sourceTree = "<group>"; };
		B76C8EEF2A0BA30C001B3403 /* ProgressViewVC.swift */ = {isa = PBXFileReference; fileEncoding = 4; lastKnownFileType = sourcecode.swift; path = ProgressViewVC.swift; sourceTree = "<group>"; };
		B76C8EF02A0BA30C001B3403 /* SliderVC.swift */ = {isa = PBXFileReference; fileEncoding = 4; lastKnownFileType = sourcecode.swift; path = SliderVC.swift; sourceTree = "<group>"; };
		B76C8EF12A0BA30C001B3403 /* StepperVC.swift */ = {isa = PBXFileReference; fileEncoding = 4; lastKnownFileType = sourcecode.swift; path = StepperVC.swift; sourceTree = "<group>"; };
		B76C8EFB2A0BA725001B3403 /* UIComponentsSecondPart.storyboard */ = {isa = PBXFileReference; lastKnownFileType = file.storyboard; path = UIComponentsSecondPart.storyboard; sourceTree = "<group>"; };
		B76C8EFF2A0BA796001B3403 /* ExpandableSectionDetails.swift */ = {isa = PBXFileReference; fileEncoding = 4; lastKnownFileType = sourcecode.swift; path = ExpandableSectionDetails.swift; sourceTree = "<group>"; };
		B76C8F002A0BA796001B3403 /* UserDetails.swift */ = {isa = PBXFileReference; fileEncoding = 4; lastKnownFileType = sourcecode.swift; path = UserDetails.swift; sourceTree = "<group>"; };
		B76C8F012A0BA796001B3403 /* AppConstants.swift */ = {isa = PBXFileReference; fileEncoding = 4; lastKnownFileType = sourcecode.swift; path = AppConstants.swift; sourceTree = "<group>"; };
		B76C8F022A0BA796001B3403 /* CustomNames.swift */ = {isa = PBXFileReference; fileEncoding = 4; lastKnownFileType = sourcecode.swift; path = CustomNames.swift; sourceTree = "<group>"; };
		B76C8F052A0BA796001B3403 /* UIComponentsSecondPartVC.swift */ = {isa = PBXFileReference; fileEncoding = 4; lastKnownFileType = sourcecode.swift; path = UIComponentsSecondPartVC.swift; sourceTree = "<group>"; };
		B76C8F062A0BA796001B3403 /* CustomTableVC.swift */ = {isa = PBXFileReference; fileEncoding = 4; lastKnownFileType = sourcecode.swift; path = CustomTableVC.swift; sourceTree = "<group>"; };
		B76C8F072A0BA796001B3403 /* ExpandableVC.swift */ = {isa = PBXFileReference; fileEncoding = 4; lastKnownFileType = sourcecode.swift; path = ExpandableVC.swift; sourceTree = "<group>"; };
		B76C8F082A0BA796001B3403 /* UserTableViewVC.swift */ = {isa = PBXFileReference; fileEncoding = 4; lastKnownFileType = sourcecode.swift; path = UserTableViewVC.swift; sourceTree = "<group>"; };
		B76C8F0A2A0BA796001B3403 /* CustomCell.swift */ = {isa = PBXFileReference; fileEncoding = 4; lastKnownFileType = sourcecode.swift; path = CustomCell.swift; sourceTree = "<group>"; };
		B76C8F0B2A0BA796001B3403 /* ExpandableCell.swift */ = {isa = PBXFileReference; fileEncoding = 4; lastKnownFileType = sourcecode.swift; path = ExpandableCell.swift; sourceTree = "<group>"; };
		B76C8F0C2A0BA796001B3403 /* UserTableViewCell.swift */ = {isa = PBXFileReference; fileEncoding = 4; lastKnownFileType = sourcecode.swift; path = UserTableViewCell.swift; sourceTree = "<group>"; };
		B76C8F0D2A0BA796001B3403 /* ExpandableCell.xib */ = {isa = PBXFileReference; fileEncoding = 4; lastKnownFileType = file.xib; path = ExpandableCell.xib; sourceTree = "<group>"; };
		B797BEE12A151D4500703F02 /* ImagePickerVC.swift */ = {isa = PBXFileReference; lastKnownFileType = sourcecode.swift; path = ImagePickerVC.swift; sourceTree = "<group>"; };
		B7C6FC1B2A120E4F003BA164 /* HeaderCell.swift */ = {isa = PBXFileReference; lastKnownFileType = sourcecode.swift; path = HeaderCell.swift; sourceTree = "<group>"; };
		B7C6FC1C2A120E4F003BA164 /* HeaderCell.xib */ = {isa = PBXFileReference; lastKnownFileType = file.xib; path = HeaderCell.xib; sourceTree = "<group>"; };
		B7C6FC1F2A122352003BA164 /* FooterCell.swift */ = {isa = PBXFileReference; lastKnownFileType = sourcecode.swift; path = FooterCell.swift; sourceTree = "<group>"; };
		B7C6FC202A122352003BA164 /* FooterCell.xib */ = {isa = PBXFileReference; lastKnownFileType = file.xib; path = FooterCell.xib; sourceTree = "<group>"; };
		B7C6FC232A122EFC003BA164 /* EmailCell.swift */ = {isa = PBXFileReference; lastKnownFileType = sourcecode.swift; path = EmailCell.swift; sourceTree = "<group>"; };
		B7C6FC242A122EFC003BA164 /* EmailCell.xib */ = {isa = PBXFileReference; lastKnownFileType = file.xib; path = EmailCell.xib; sourceTree = "<group>"; };
		B7E72CBC2A1D1C4400D84812 /* SearchBar.storyboard */ = {isa = PBXFileReference; fileEncoding = 4; lastKnownFileType = file.storyboard; path = SearchBar.storyboard; sourceTree = "<group>"; };
		B7EBA33A2A14A6980095F8DB /* Fruits.swift */ = {isa = PBXFileReference; fileEncoding = 4; lastKnownFileType = sourcecode.swift; name = Fruits.swift; path = "/Users/atul/Simform-IOS/GreetingApp/UIComponentsPart-2/Model/Fruits.swift"; sourceTree = "<absolute>"; };
		B7EBA33C2A14A6A20095F8DB /* SearchBarVC.swift */ = {isa = PBXFileReference; fileEncoding = 4; lastKnownFileType = sourcecode.swift; name = SearchBarVC.swift; path = "/Users/atul/Simform-IOS/GreetingApp/UIComponentsPart-2/Views/TableVC/SearchBarVC.swift"; sourceTree = "<absolute>"; };
		B7EBA3422A14A6FF0095F8DB /* SearchBarCell.swift */ = {isa = PBXFileReference; fileEncoding = 4; lastKnownFileType = sourcecode.swift; name = SearchBarCell.swift; path = "/Users/atul/Simform-IOS/GreetingApp/UIComponentsPart-2/Views/Cells/SearchBarCell.swift"; sourceTree = "<absolute>"; };
		B7EBA3442A14CC320095F8DB /* StackViewAndToolBar.storyboard */ = {isa = PBXFileReference; lastKnownFileType = file.storyboard; path = StackViewAndToolBar.storyboard; sourceTree = "<group>"; };
		B7EBA3462A14CC7D0095F8DB /* StackViewVC.swift */ = {isa = PBXFileReference; lastKnownFileType = sourcecode.swift; path = StackViewVC.swift; sourceTree = "<group>"; };
/* End PBXFileReference section */

/* Begin PBXFrameworksBuildPhase section */
		B7004288299DE92600FF5B4E /* Frameworks */ = {
			isa = PBXFrameworksBuildPhase;
			buildActionMask = 2147483647;
			files = (
			);
			runOnlyForDeploymentPostprocessing = 0;
		};
/* End PBXFrameworksBuildPhase section */

/* Begin PBXGroup section */
		B7004282299DE92600FF5B4E = {
			isa = PBXGroup;
			children = (
				B700428D299DE92600FF5B4E /* GreetingApp */,
				B700428C299DE92600FF5B4E /* Products */,
			);
			sourceTree = "<group>";
		};
		B700428C299DE92600FF5B4E /* Products */ = {
			isa = PBXGroup;
			children = (
				B700428B299DE92600FF5B4E /* GreetingApp */,
			);
			name = Products;
			sourceTree = "<group>";
		};
		B700428D299DE92600FF5B4E /* GreetingApp */ = {
			isa = PBXGroup;
			children = (
				B700428E299DE92600FF5B4E /* AppDelegate.swift */,
				B7004290299DE92600FF5B4E /* SceneDelegate.swift */,
				B7004292299DE92600FF5B4E /* ViewController.swift */,
				B7004294299DE92600FF5B4E /* Main.storyboard */,
				B7004297299DE92700FF5B4E /* Assets.xcassets */,
				B7004299299DE92700FF5B4E /* LaunchScreen.storyboard */,
				B700429C299DE92700FF5B4E /* Info.plist */,
				B76C8EE62A0BA245001B3403 /* UIComponentsPart1.storyboard */,
				B76C8F012A0BA796001B3403 /* AppConstants.swift */,
				B75E81DB2A0CEF9200D3616F /* UIImages.swift */,
				B75E81DD2A0D1CCE00D3616F /* Fonts.swift */,
				B76C8EE82A0BA30C001B3403 /* UI Components */,
				B76C8EFB2A0BA725001B3403 /* UIComponentsSecondPart.storyboard */,
				B7EBA3442A14CC320095F8DB /* StackViewAndToolBar.storyboard */,
				B72C8B8A2A162D4100E11172 /* TabBar.storyboard */,
				B72C8B8E2A1640EC00E11172 /* ImagePicker.storyboard */,
				B7E72CBC2A1D1C4400D84812 /* SearchBar.storyboard */,
				B797BEE12A151D4500703F02 /* ImagePickerVC.swift */,
				B7EBA3462A14CC7D0095F8DB /* StackViewVC.swift */,
				B7EBA33C2A14A6A20095F8DB /* SearchBarVC.swift */,
				B76C8EFD2A0BA796001B3403 /* UIComponentsPart-2 */,
			);
			path = GreetingApp;
			sourceTree = "<group>";
		};
		B75E81D12A0CEEF200D3616F /* CollectionCells */ = {
			isa = PBXGroup;
			children = (
				B75E81D22A0CEEF200D3616F /* BooksCollectionCell.swift */,
				B75E81D32A0CEEF200D3616F /* BooksCollectionCell.xib */,
				B7C6FC1B2A120E4F003BA164 /* HeaderCell.swift */,
				B7C6FC1C2A120E4F003BA164 /* HeaderCell.xib */,
				B7C6FC1F2A122352003BA164 /* FooterCell.swift */,
				B7C6FC202A122352003BA164 /* FooterCell.xib */,
				B7C6FC232A122EFC003BA164 /* EmailCell.swift */,
				B7C6FC242A122EFC003BA164 /* EmailCell.xib */,
			);
			name = CollectionCells;
			path = Cells/CollectionCells;
			sourceTree = "<group>";
		};
		B75E81D62A0CEF0500D3616F /* CollectionVC */ = {
			isa = PBXGroup;
			children = (
				B75E81D72A0CEF0500D3616F /* BooksCollectionVC.swift */,
			);
			name = CollectionVC;
			path = Cells/CollectionCells/CollectionVC;
			sourceTree = "<group>";
		};
		B76C8EE82A0BA30C001B3403 /* UI Components */ = {
			isa = PBXGroup;
			children = (
				B76C8EE92A0BA30C001B3403 /* ScrollVC.swift */,
				B76C8EEA2A0BA30C001B3403 /* ButtonVC.swift */,
				B76C8EEB2A0BA30C001B3403 /* SwitchViewVC.swift */,
				B76C8EED2A0BA30C001B3403 /* TextViewVC.swift */,
				B76C8EEC2A0BA30C001B3403 /* SegmentedControlVC.swift */,
				B76C8EEE2A0BA30C001B3403 /* TextFieldVC.swift */,
				B76C8EEF2A0BA30C001B3403 /* ProgressViewVC.swift */,
				B76C8EF02A0BA30C001B3403 /* SliderVC.swift */,
				B76C8EF12A0BA30C001B3403 /* StepperVC.swift */,
				B72C8B8C2A163F8400E11172 /* TabBarVC.swift */,
			);
			path = "UI Components";
			sourceTree = "<group>";
		};
		B76C8EFD2A0BA796001B3403 /* UIComponentsPart-2 */ = {
			isa = PBXGroup;
			children = (
				B76C8EFE2A0BA796001B3403 /* Model */,
				B76C8F032A0BA796001B3403 /* Views */,
			);
			name = "UIComponentsPart-2";
			path = "GreetingApp/UIComponentsPart-2";
			sourceTree = SOURCE_ROOT;
		};
		B76C8EFE2A0BA796001B3403 /* Model */ = {
			isa = PBXGroup;
			children = (
				B75E81D92A0CEF5B00D3616F /* BooksAndEmails.swift */,
				B76C8EFF2A0BA796001B3403 /* ExpandableSectionDetails.swift */,
				B76C8F002A0BA796001B3403 /* UserDetails.swift */,
				B76C8F022A0BA796001B3403 /* CustomNames.swift */,
				B7EBA33A2A14A6980095F8DB /* Fruits.swift */,
			);
			path = Model;
			sourceTree = "<group>";
		};
		B76C8F032A0BA796001B3403 /* Views */ = {
			isa = PBXGroup;
			children = (
				B76C8F042A0BA796001B3403 /* TableVC */,
				B75E81D12A0CEEF200D3616F /* CollectionCells */,
				B75E81D62A0CEF0500D3616F /* CollectionVC */,
				B76C8F092A0BA796001B3403 /* Cells */,
			);
			path = Views;
			sourceTree = "<group>";
		};
		B76C8F042A0BA796001B3403 /* TableVC */ = {
			isa = PBXGroup;
			children = (
				B76C8F052A0BA796001B3403 /* UIComponentsSecondPartVC.swift */,
				B76C8F062A0BA796001B3403 /* CustomTableVC.swift */,
				B76C8F072A0BA796001B3403 /* ExpandableVC.swift */,
				B76C8F082A0BA796001B3403 /* UserTableViewVC.swift */,
			);
			path = TableVC;
			sourceTree = "<group>";
		};
		B76C8F092A0BA796001B3403 /* Cells */ = {
			isa = PBXGroup;
			children = (
				B76C8F0A2A0BA796001B3403 /* CustomCell.swift */,
				B76C8F0B2A0BA796001B3403 /* ExpandableCell.swift */,
				B76C8F0C2A0BA796001B3403 /* UserTableViewCell.swift */,
				B76C8F0D2A0BA796001B3403 /* ExpandableCell.xib */,
				B7EBA3422A14A6FF0095F8DB /* SearchBarCell.swift */,
				B740DBF02A1E066F00D7D28C /* SearchBarCell.xib */,
			);
			path = Cells;
			sourceTree = "<group>";
		};
/* End PBXGroup section */

/* Begin PBXNativeTarget section */
		B700428A299DE92600FF5B4E /* GreetingApp */ = {
			isa = PBXNativeTarget;
			buildConfigurationList = B700429F299DE92700FF5B4E /* Build configuration list for PBXNativeTarget "GreetingApp" */;
			buildPhases = (
				B7004287299DE92600FF5B4E /* Sources */,
				B7004288299DE92600FF5B4E /* Frameworks */,
				B7004289299DE92600FF5B4E /* Resources */,
			);
			buildRules = (
			);
			dependencies = (
			);
			name = GreetingApp;
			productName = GreetingApp;
			productReference = B700428B299DE92600FF5B4E /* GreetingApp */;
			productType = "com.apple.product-type.application";
		};
/* End PBXNativeTarget section */

/* Begin PBXProject section */
		B7004283299DE92600FF5B4E /* Project object */ = {
			isa = PBXProject;
			attributes = {
				BuildIndependentTargetsInParallel = 1;
				LastSwiftUpdateCheck = 1420;
				LastUpgradeCheck = 1420;
				TargetAttributes = {
					B700428A299DE92600FF5B4E = {
						CreatedOnToolsVersion = 14.2;
					};
				};
			};
			buildConfigurationList = B7004286299DE92600FF5B4E /* Build configuration list for PBXProject "GreetingApp" */;
			compatibilityVersion = "Xcode 14.0";
			developmentRegion = en;
			hasScannedForEncodings = 0;
			knownRegions = (
				en,
				Base,
			);
			mainGroup = B7004282299DE92600FF5B4E;
			productRefGroup = B700428C299DE92600FF5B4E /* Products */;
			projectDirPath = "";
			projectRoot = "";
			targets = (
				B700428A299DE92600FF5B4E /* GreetingApp */,
			);
		};
/* End PBXProject section */

/* Begin PBXResourcesBuildPhase section */
		B7004289299DE92600FF5B4E /* Resources */ = {
			isa = PBXResourcesBuildPhase;
			buildActionMask = 2147483647;
			files = (
				B7E72CBD2A1D1C4400D84812 /* SearchBar.storyboard in Resources */,
				B7C6FC1E2A120E4F003BA164 /* HeaderCell.xib in Resources */,
				B700429B299DE92700FF5B4E /* LaunchScreen.storyboard in Resources */,
				B7004298299DE92700FF5B4E /* Assets.xcassets in Resources */,
				B7EBA3452A14CC320095F8DB /* StackViewAndToolBar.storyboard in Resources */,
				B7004296299DE92600FF5B4E /* Main.storyboard in Resources */,
				B76C8EFC2A0BA725001B3403 /* UIComponentsSecondPart.storyboard in Resources */,
				B7C6FC222A122352003BA164 /* FooterCell.xib in Resources */,
				B740DBF12A1E066F00D7D28C /* SearchBarCell.xib in Resources */,
				B7C6FC262A122EFC003BA164 /* EmailCell.xib in Resources */,
				B76C8EE72A0BA245001B3403 /* UIComponentsPart1.storyboard in Resources */,
				B76C8F192A0BA796001B3403 /* ExpandableCell.xib in Resources */,
				B72C8B8B2A162D4100E11172 /* TabBar.storyboard in Resources */,
				B75E81D52A0CEEF200D3616F /* BooksCollectionCell.xib in Resources */,
				B72C8B8F2A1640EC00E11172 /* ImagePicker.storyboard in Resources */,
			);
			runOnlyForDeploymentPostprocessing = 0;
		};
/* End PBXResourcesBuildPhase section */

/* Begin PBXSourcesBuildPhase section */
		B7004287299DE92600FF5B4E /* Sources */ = {
			isa = PBXSourcesBuildPhase;
			buildActionMask = 2147483647;
			files = (
				B75E81DE2A0D1CCE00D3616F /* Fonts.swift in Sources */,
				B7004293299DE92600FF5B4E /* ViewController.swift in Sources */,
				B76C8F182A0BA796001B3403 /* UserTableViewCell.swift in Sources */,
				B72C8B8D2A163F8400E11172 /* TabBarVC.swift in Sources */,
				B76C8EF22A0BA30D001B3403 /* ScrollVC.swift in Sources */,
				B7EBA33B2A14A6980095F8DB /* Fruits.swift in Sources */,
				B76C8EF92A0BA30D001B3403 /* SliderVC.swift in Sources */,
				B76C8EF82A0BA30D001B3403 /* ProgressViewVC.swift in Sources */,
				B76C8F122A0BA796001B3403 /* UIComponentsSecondPartVC.swift in Sources */,
				B75E81DA2A0CEF5B00D3616F /* BooksAndEmails.swift in Sources */,
				B75E81DC2A0CEF9200D3616F /* UIImages.swift in Sources */,
				B700428F299DE92600FF5B4E /* AppDelegate.swift in Sources */,
				B7C6FC212A122352003BA164 /* FooterCell.swift in Sources */,
				B76C8F142A0BA796001B3403 /* ExpandableVC.swift in Sources */,
				B76C8EF42A0BA30D001B3403 /* SwitchViewVC.swift in Sources */,
				B76C8F102A0BA796001B3403 /* AppConstants.swift in Sources */,
				B76C8EFA2A0BA30D001B3403 /* StepperVC.swift in Sources */,
				B76C8EF72A0BA30D001B3403 /* TextFieldVC.swift in Sources */,
				B76C8F152A0BA796001B3403 /* UserTableViewVC.swift in Sources */,
				B76C8EF62A0BA30D001B3403 /* TextViewVC.swift in Sources */,
				B7EBA33D2A14A6A20095F8DB /* SearchBarVC.swift in Sources */,
				B76C8F0E2A0BA796001B3403 /* ExpandableSectionDetails.swift in Sources */,
				B75E81D82A0CEF0500D3616F /* BooksCollectionVC.swift in Sources */,
				B76C8F112A0BA796001B3403 /* CustomNames.swift in Sources */,
				B7EBA3432A14A6FF0095F8DB /* SearchBarCell.swift in Sources */,
				B76C8F172A0BA796001B3403 /* ExpandableCell.swift in Sources */,
				B76C8EF32A0BA30D001B3403 /* ButtonVC.swift in Sources */,
				B7C6FC252A122EFC003BA164 /* EmailCell.swift in Sources */,
				B76C8F0F2A0BA796001B3403 /* UserDetails.swift in Sources */,
				B7004291299DE92600FF5B4E /* SceneDelegate.swift in Sources */,
				B75E81D42A0CEEF200D3616F /* BooksCollectionCell.swift in Sources */,
				B76C8F132A0BA796001B3403 /* CustomTableVC.swift in Sources */,
				B7EBA3472A14CC7D0095F8DB /* StackViewVC.swift in Sources */,
				B797BEE22A151D4500703F02 /* ImagePickerVC.swift in Sources */,
				B7C6FC1D2A120E4F003BA164 /* HeaderCell.swift in Sources */,
				B76C8F162A0BA796001B3403 /* CustomCell.swift in Sources */,
				B76C8EF52A0BA30D001B3403 /* SegmentedControlVC.swift in Sources */,
			);
			runOnlyForDeploymentPostprocessing = 0;
		};
/* End PBXSourcesBuildPhase section */

/* Begin PBXVariantGroup section */
		B7004294299DE92600FF5B4E /* Main.storyboard */ = {
			isa = PBXVariantGroup;
			children = (
				B7004295299DE92600FF5B4E /* Base */,
			);
			name = Main.storyboard;
			sourceTree = "<group>";
		};
		B7004299299DE92700FF5B4E /* LaunchScreen.storyboard */ = {
			isa = PBXVariantGroup;
			children = (
				B700429A299DE92700FF5B4E /* Base */,
			);
			name = LaunchScreen.storyboard;
			sourceTree = "<group>";
		};
/* End PBXVariantGroup section */

/* Begin XCBuildConfiguration section */
		B700429D299DE92700FF5B4E /* Debug */ = {
			isa = XCBuildConfiguration;
			buildSettings = {
				ALWAYS_SEARCH_USER_PATHS = NO;
				CLANG_ANALYZER_NONNULL = YES;
				CLANG_ANALYZER_NUMBER_OBJECT_CONVERSION = YES_AGGRESSIVE;
				CLANG_CXX_LANGUAGE_STANDARD = "gnu++20";
				CLANG_ENABLE_MODULES = YES;
				CLANG_ENABLE_OBJC_ARC = YES;
				CLANG_ENABLE_OBJC_WEAK = YES;
				CLANG_WARN_BLOCK_CAPTURE_AUTORELEASING = YES;
				CLANG_WARN_BOOL_CONVERSION = YES;
				CLANG_WARN_COMMA = YES;
				CLANG_WARN_CONSTANT_CONVERSION = YES;
				CLANG_WARN_DEPRECATED_OBJC_IMPLEMENTATIONS = YES;
				CLANG_WARN_DIRECT_OBJC_ISA_USAGE = YES_ERROR;
				CLANG_WARN_DOCUMENTATION_COMMENTS = YES;
				CLANG_WARN_EMPTY_BODY = YES;
				CLANG_WARN_ENUM_CONVERSION = YES;
				CLANG_WARN_INFINITE_RECURSION = YES;
				CLANG_WARN_INT_CONVERSION = YES;
				CLANG_WARN_NON_LITERAL_NULL_CONVERSION = YES;
				CLANG_WARN_OBJC_IMPLICIT_RETAIN_SELF = YES;
				CLANG_WARN_OBJC_LITERAL_CONVERSION = YES;
				CLANG_WARN_OBJC_ROOT_CLASS = YES_ERROR;
				CLANG_WARN_QUOTED_INCLUDE_IN_FRAMEWORK_HEADER = YES;
				CLANG_WARN_RANGE_LOOP_ANALYSIS = YES;
				CLANG_WARN_STRICT_PROTOTYPES = YES;
				CLANG_WARN_SUSPICIOUS_MOVE = YES;
				CLANG_WARN_UNGUARDED_AVAILABILITY = YES_AGGRESSIVE;
				CLANG_WARN_UNREACHABLE_CODE = YES;
				CLANG_WARN__DUPLICATE_METHOD_MATCH = YES;
				COPY_PHASE_STRIP = NO;
				DEBUG_INFORMATION_FORMAT = dwarf;
				ENABLE_STRICT_OBJC_MSGSEND = YES;
				ENABLE_TESTABILITY = YES;
				GCC_C_LANGUAGE_STANDARD = gnu11;
				GCC_DYNAMIC_NO_PIC = NO;
				GCC_NO_COMMON_BLOCKS = YES;
				GCC_OPTIMIZATION_LEVEL = 0;
				GCC_PREPROCESSOR_DEFINITIONS = (
					"DEBUG=1",
					"$(inherited)",
				);
				GCC_WARN_64_TO_32_BIT_CONVERSION = YES;
				GCC_WARN_ABOUT_RETURN_TYPE = YES_ERROR;
				GCC_WARN_UNDECLARED_SELECTOR = YES;
				GCC_WARN_UNINITIALIZED_AUTOS = YES_AGGRESSIVE;
				GCC_WARN_UNUSED_FUNCTION = YES;
				GCC_WARN_UNUSED_VARIABLE = YES;
				IPHONEOS_DEPLOYMENT_TARGET = 16.2;
				MTL_ENABLE_DEBUG_INFO = INCLUDE_SOURCE;
				MTL_FAST_MATH = YES;
				ONLY_ACTIVE_ARCH = YES;
				SDKROOT = iphoneos;
				SWIFT_ACTIVE_COMPILATION_CONDITIONS = DEBUG;
				SWIFT_OPTIMIZATION_LEVEL = "-Onone";
			};
			name = Debug;
		};
		B700429E299DE92700FF5B4E /* Release */ = {
			isa = XCBuildConfiguration;
			buildSettings = {
				ALWAYS_SEARCH_USER_PATHS = NO;
				CLANG_ANALYZER_NONNULL = YES;
				CLANG_ANALYZER_NUMBER_OBJECT_CONVERSION = YES_AGGRESSIVE;
				CLANG_CXX_LANGUAGE_STANDARD = "gnu++20";
				CLANG_ENABLE_MODULES = YES;
				CLANG_ENABLE_OBJC_ARC = YES;
				CLANG_ENABLE_OBJC_WEAK = YES;
				CLANG_WARN_BLOCK_CAPTURE_AUTORELEASING = YES;
				CLANG_WARN_BOOL_CONVERSION = YES;
				CLANG_WARN_COMMA = YES;
				CLANG_WARN_CONSTANT_CONVERSION = YES;
				CLANG_WARN_DEPRECATED_OBJC_IMPLEMENTATIONS = YES;
				CLANG_WARN_DIRECT_OBJC_ISA_USAGE = YES_ERROR;
				CLANG_WARN_DOCUMENTATION_COMMENTS = YES;
				CLANG_WARN_EMPTY_BODY = YES;
				CLANG_WARN_ENUM_CONVERSION = YES;
				CLANG_WARN_INFINITE_RECURSION = YES;
				CLANG_WARN_INT_CONVERSION = YES;
				CLANG_WARN_NON_LITERAL_NULL_CONVERSION = YES;
				CLANG_WARN_OBJC_IMPLICIT_RETAIN_SELF = YES;
				CLANG_WARN_OBJC_LITERAL_CONVERSION = YES;
				CLANG_WARN_OBJC_ROOT_CLASS = YES_ERROR;
				CLANG_WARN_QUOTED_INCLUDE_IN_FRAMEWORK_HEADER = YES;
				CLANG_WARN_RANGE_LOOP_ANALYSIS = YES;
				CLANG_WARN_STRICT_PROTOTYPES = YES;
				CLANG_WARN_SUSPICIOUS_MOVE = YES;
				CLANG_WARN_UNGUARDED_AVAILABILITY = YES_AGGRESSIVE;
				CLANG_WARN_UNREACHABLE_CODE = YES;
				CLANG_WARN__DUPLICATE_METHOD_MATCH = YES;
				COPY_PHASE_STRIP = NO;
				DEBUG_INFORMATION_FORMAT = "dwarf-with-dsym";
				ENABLE_NS_ASSERTIONS = NO;
				ENABLE_STRICT_OBJC_MSGSEND = YES;
				GCC_C_LANGUAGE_STANDARD = gnu11;
				GCC_NO_COMMON_BLOCKS = YES;
				GCC_WARN_64_TO_32_BIT_CONVERSION = YES;
				GCC_WARN_ABOUT_RETURN_TYPE = YES_ERROR;
				GCC_WARN_UNDECLARED_SELECTOR = YES;
				GCC_WARN_UNINITIALIZED_AUTOS = YES_AGGRESSIVE;
				GCC_WARN_UNUSED_FUNCTION = YES;
				GCC_WARN_UNUSED_VARIABLE = YES;
				IPHONEOS_DEPLOYMENT_TARGET = 16.2;
				MTL_ENABLE_DEBUG_INFO = NO;
				MTL_FAST_MATH = YES;
				SDKROOT = iphoneos;
				SWIFT_COMPILATION_MODE = wholemodule;
				SWIFT_OPTIMIZATION_LEVEL = "-O";
				VALIDATE_PRODUCT = YES;
			};
			name = Release;
		};
		B70042A0299DE92700FF5B4E /* Debug */ = {
			isa = XCBuildConfiguration;
			buildSettings = {
				ASSETCATALOG_COMPILER_APPICON_NAME = AppIcon;
				ASSETCATALOG_COMPILER_GLOBAL_ACCENT_COLOR_NAME = AccentColor;
				CODE_SIGN_STYLE = Automatic;
				CURRENT_PROJECT_VERSION = 1;
				GENERATE_INFOPLIST_FILE = YES;
				INFOPLIST_FILE = GreetingApp/Info.plist;
				INFOPLIST_KEY_UIApplicationSupportsIndirectInputEvents = YES;
				INFOPLIST_KEY_UILaunchStoryboardName = LaunchScreen;
				INFOPLIST_KEY_UIMainStoryboardFile = Main;
				INFOPLIST_KEY_UISupportedInterfaceOrientations_iPad = "UIInterfaceOrientationPortrait UIInterfaceOrientationPortraitUpsideDown UIInterfaceOrientationLandscapeLeft UIInterfaceOrientationLandscapeRight";
				INFOPLIST_KEY_UISupportedInterfaceOrientations_iPhone = "UIInterfaceOrientationPortrait UIInterfaceOrientationLandscapeLeft UIInterfaceOrientationLandscapeRight";
				IPHONEOS_DEPLOYMENT_TARGET = 16.2;
				LD_RUNPATH_SEARCH_PATHS = (
					"$(inherited)",
					"@executable_path/Frameworks",
				);
				MARKETING_VERSION = 1.0;
				PRODUCT_BUNDLE_IDENTIFIER = com.simform.GreetingApp;
				PRODUCT_NAME = "$(TARGET_NAME)";
				SWIFT_EMIT_LOC_STRINGS = YES;
				SWIFT_VERSION = 5.0;
				TARGETED_DEVICE_FAMILY = "1,2";
			};
			name = Debug;
		};
		B70042A1299DE92700FF5B4E /* Release */ = {
			isa = XCBuildConfiguration;
			buildSettings = {
				ASSETCATALOG_COMPILER_APPICON_NAME = AppIcon;
				ASSETCATALOG_COMPILER_GLOBAL_ACCENT_COLOR_NAME = AccentColor;
				CODE_SIGN_STYLE = Automatic;
				CURRENT_PROJECT_VERSION = 1;
				GENERATE_INFOPLIST_FILE = YES;
				INFOPLIST_FILE = GreetingApp/Info.plist;
				INFOPLIST_KEY_UIApplicationSupportsIndirectInputEvents = YES;
				INFOPLIST_KEY_UILaunchStoryboardName = LaunchScreen;
				INFOPLIST_KEY_UIMainStoryboardFile = Main;
				INFOPLIST_KEY_UISupportedInterfaceOrientations_iPad = "UIInterfaceOrientationPortrait UIInterfaceOrientationPortraitUpsideDown UIInterfaceOrientationLandscapeLeft UIInterfaceOrientationLandscapeRight";
				INFOPLIST_KEY_UISupportedInterfaceOrientations_iPhone = "UIInterfaceOrientationPortrait UIInterfaceOrientationLandscapeLeft UIInterfaceOrientationLandscapeRight";
				IPHONEOS_DEPLOYMENT_TARGET = 16.2;
				LD_RUNPATH_SEARCH_PATHS = (
					"$(inherited)",
					"@executable_path/Frameworks",
				);
				MARKETING_VERSION = 1.0;
				PRODUCT_BUNDLE_IDENTIFIER = com.simform.GreetingApp;
				PRODUCT_NAME = "$(TARGET_NAME)";
				SWIFT_EMIT_LOC_STRINGS = YES;
				SWIFT_VERSION = 5.0;
				TARGETED_DEVICE_FAMILY = "1,2";
			};
			name = Release;
		};
/* End XCBuildConfiguration section */

/* Begin XCConfigurationList section */
		B7004286299DE92600FF5B4E /* Build configuration list for PBXProject "GreetingApp" */ = {
			isa = XCConfigurationList;
			buildConfigurations = (
				B700429D299DE92700FF5B4E /* Debug */,
				B700429E299DE92700FF5B4E /* Release */,
			);
			defaultConfigurationIsVisible = 0;
			defaultConfigurationName = Release;
		};
		B700429F299DE92700FF5B4E /* Build configuration list for PBXNativeTarget "GreetingApp" */ = {
			isa = XCConfigurationList;
			buildConfigurations = (
				B70042A0299DE92700FF5B4E /* Debug */,
				B70042A1299DE92700FF5B4E /* Release */,
			);
			defaultConfigurationIsVisible = 0;
			defaultConfigurationName = Release;
		};
/* End XCConfigurationList section */
	};
	rootObject = B7004283299DE92600FF5B4E /* Project object */;
}
