// !$*UTF8*$!
{
	archiveVersion = 1;
	classes = {
	};
	objectVersion = 56;
	objects = {

/* Begin PBXBuildFile section */
		A3EA533656B2F6E6761E8223 /* Pods_GreetingApp.framework in Frameworks */ = {isa = PBXBuildFile; fileRef = D3BC88EBEFD5DB73285F4F69 /* Pods_GreetingApp.framework */; };
		B700428F299DE92600FF5B4E /* AppDelegate.swift in Sources */ = {isa = PBXBuildFile; fileRef = B700428E299DE92600FF5B4E /* AppDelegate.swift */; };
		B7004291299DE92600FF5B4E /* SceneDelegate.swift in Sources */ = {isa = PBXBuildFile; fileRef = B7004290299DE92600FF5B4E /* SceneDelegate.swift */; };
		B7004296299DE92600FF5B4E /* Main.storyboard in Resources */ = {isa = PBXBuildFile; fileRef = B7004294299DE92600FF5B4E /* Main.storyboard */; };
		B7004298299DE92700FF5B4E /* Assets.xcassets in Resources */ = {isa = PBXBuildFile; fileRef = B7004297299DE92700FF5B4E /* Assets.xcassets */; };
		B700429B299DE92700FF5B4E /* LaunchScreen.storyboard in Resources */ = {isa = PBXBuildFile; fileRef = B7004299299DE92700FF5B4E /* LaunchScreen.storyboard */; };
		B71FE6C82A1F94B000C9990A /* GeeksForGeeksWebView.swift in Sources */ = {isa = PBXBuildFile; fileRef = B71FE6C72A1F94B000C9990A /* GeeksForGeeksWebView.swift */; };
		B71FE6CA2A1F94D900C9990A /* URLs.swift in Sources */ = {isa = PBXBuildFile; fileRef = B71FE6C92A1F94D900C9990A /* URLs.swift */; };
		B7223A442A470AD100C7F1AF /* LabelVC.swift in Sources */ = {isa = PBXBuildFile; fileRef = B7223A432A470AD100C7F1AF /* LabelVC.swift */; };
		B7223A462A470B0400C7F1AF /* TableViewVC.swift in Sources */ = {isa = PBXBuildFile; fileRef = B7223A452A470B0400C7F1AF /* TableViewVC.swift */; };
		B7223A482A470CDD00C7F1AF /* HomeViewController.swift in Sources */ = {isa = PBXBuildFile; fileRef = B7223A472A470CDD00C7F1AF /* HomeViewController.swift */; };
		B7260E382A1B3A9E00A4C6C9 /* PickerView.storyboard in Resources */ = {isa = PBXBuildFile; fileRef = B7260E372A1B3A9E00A4C6C9 /* PickerView.storyboard */; };
		B7260E3A2A1B3B3100A4C6C9 /* PickerViewVC.swift in Sources */ = {isa = PBXBuildFile; fileRef = B7260E392A1B3B3100A4C6C9 /* PickerViewVC.swift */; };
		B7260E3C2A1B3FD600A4C6C9 /* PickerData.swift in Sources */ = {isa = PBXBuildFile; fileRef = B7260E3B2A1B3FD600A4C6C9 /* PickerData.swift */; };
		B7275CC92A1E565B0014BC56 /* MapView.storyboard in Resources */ = {isa = PBXBuildFile; fileRef = B7275CC82A1E565B0014BC56 /* MapView.storyboard */; };
		B7275CCB2A1E567D0014BC56 /* MapViewVC.swift in Sources */ = {isa = PBXBuildFile; fileRef = B7275CCA2A1E567D0014BC56 /* MapViewVC.swift */; };
		B7275CCD2A1E56830014BC56 /* LocationModel.swift in Sources */ = {isa = PBXBuildFile; fileRef = B7275CCC2A1E56830014BC56 /* LocationModel.swift */; };
		B72AE5612A52979500371C09 /* ParkingLotScreen.storyboard in Resources */ = {isa = PBXBuildFile; fileRef = B72AE5602A52979500371C09 /* ParkingLotScreen.storyboard */; };
		B72AE5632A5297BA00371C09 /* ParkingLotModel.swift in Sources */ = {isa = PBXBuildFile; fileRef = B72AE5622A5297BA00371C09 /* ParkingLotModel.swift */; };
		B72AE5652A5297C500371C09 /* ParkingLotCell.swift in Sources */ = {isa = PBXBuildFile; fileRef = B72AE5642A5297C500371C09 /* ParkingLotCell.swift */; };
		B72AE5672A5297CB00371C09 /* ParkingLotCell.xib in Resources */ = {isa = PBXBuildFile; fileRef = B72AE5662A5297CB00371C09 /* ParkingLotCell.xib */; };
		B72AE5692A5297D500371C09 /* ParkingLotHeaderCell.swift in Sources */ = {isa = PBXBuildFile; fileRef = B72AE5682A5297D500371C09 /* ParkingLotHeaderCell.swift */; };
		B72AE56B2A5297D900371C09 /* ParkingLotHeaderCell.xib in Resources */ = {isa = PBXBuildFile; fileRef = B72AE56A2A5297D900371C09 /* ParkingLotHeaderCell.xib */; };
		B72AE56D2A5297E000371C09 /* ParkingLotTimeSheetCell.swift in Sources */ = {isa = PBXBuildFile; fileRef = B72AE56C2A5297E000371C09 /* ParkingLotTimeSheetCell.swift */; };
		B72AE56F2A5297E400371C09 /* ParkingLotTimeSheetCell.xib in Resources */ = {isa = PBXBuildFile; fileRef = B72AE56E2A5297E400371C09 /* ParkingLotTimeSheetCell.xib */; };
		B72AE5712A5297FB00371C09 /* ParkingLotVC.swift in Sources */ = {isa = PBXBuildFile; fileRef = B72AE5702A5297FB00371C09 /* ParkingLotVC.swift */; };
		B72AE5732A52A29E00371C09 /* ProfileScreen.storyboard in Resources */ = {isa = PBXBuildFile; fileRef = B72AE5722A52A29E00371C09 /* ProfileScreen.storyboard */; };
		B72AE5772A52A2D100371C09 /* CloseAccountVC.swift in Sources */ = {isa = PBXBuildFile; fileRef = B72AE5742A52A2D000371C09 /* CloseAccountVC.swift */; };
		B72AE5782A52A2D100371C09 /* ChangeEmailVC.swift in Sources */ = {isa = PBXBuildFile; fileRef = B72AE5752A52A2D000371C09 /* ChangeEmailVC.swift */; };
		B72AE5792A52A2D100371C09 /* ProfileScreenVC.swift in Sources */ = {isa = PBXBuildFile; fileRef = B72AE5762A52A2D100371C09 /* ProfileScreenVC.swift */; };
		B72AE57F2A52DC3B00371C09 /* ApiManager.swift in Sources */ = {isa = PBXBuildFile; fileRef = B72AE57E2A52DC3B00371C09 /* ApiManager.swift */; };
		B72AE5822A52E20200371C09 /* BaseViewModel.swift in Sources */ = {isa = PBXBuildFile; fileRef = B72AE5812A52E20200371C09 /* BaseViewModel.swift */; };
		B72AE5842A52E39F00371C09 /* StackViewModel.swift in Sources */ = {isa = PBXBuildFile; fileRef = B72AE5832A52E39F00371C09 /* StackViewModel.swift */; };
		B72AE5862A52E4A500371C09 /* StackModel.swift in Sources */ = {isa = PBXBuildFile; fileRef = B72AE5852A52E4A500371C09 /* StackModel.swift */; };
		B72AE5882A52E58F00371C09 /* Convertible.swift in Sources */ = {isa = PBXBuildFile; fileRef = B72AE5872A52E58F00371C09 /* Convertible.swift */; };
		B72AE58A2A52F39B00371C09 /* StackResponseModel.swift in Sources */ = {isa = PBXBuildFile; fileRef = B72AE5892A52F39B00371C09 /* StackResponseModel.swift */; };
		B72AE5922A52FB3300371C09 /* UIViewcontroller+extensions.swift in Sources */ = {isa = PBXBuildFile; fileRef = B72AE5912A52FB3300371C09 /* UIViewcontroller+extensions.swift */; };
		B72AE5942A52FD8A00371C09 /* Dynamic.swift in Sources */ = {isa = PBXBuildFile; fileRef = B72AE5932A52FD8A00371C09 /* Dynamic.swift */; };
		B72C8B8B2A162D4100E11172 /* TabBar.storyboard in Resources */ = {isa = PBXBuildFile; fileRef = B72C8B8A2A162D4100E11172 /* TabBar.storyboard */; };
		B72C8B8D2A163F8400E11172 /* TabBarVC.swift in Sources */ = {isa = PBXBuildFile; fileRef = B72C8B8C2A163F8400E11172 /* TabBarVC.swift */; };
		B72C8B8F2A1640EC00E11172 /* ImagePicker.storyboard in Resources */ = {isa = PBXBuildFile; fileRef = B72C8B8E2A1640EC00E11172 /* ImagePicker.storyboard */; };
		B73179AE2A24F968005DCBF3 /* SenderVC.swift in Sources */ = {isa = PBXBuildFile; fileRef = B73179AD2A24F968005DCBF3 /* SenderVC.swift */; };
		B73179B02A24F96D005DCBF3 /* ReceiverVC.swift in Sources */ = {isa = PBXBuildFile; fileRef = B73179AF2A24F96D005DCBF3 /* ReceiverVC.swift */; };
		B738A7702A25D58600080BC8 /* NavigationControllerVC.swift in Sources */ = {isa = PBXBuildFile; fileRef = B738A76F2A25D58600080BC8 /* NavigationControllerVC.swift */; };
		B738A7722A25D85700080BC8 /* FirstVC.swift in Sources */ = {isa = PBXBuildFile; fileRef = B738A7712A25D85700080BC8 /* FirstVC.swift */; };
		B738A7742A25D8C500080BC8 /* SecondVC.swift in Sources */ = {isa = PBXBuildFile; fileRef = B738A7732A25D8C500080BC8 /* SecondVC.swift */; };
		B738A7772A25DAC600080BC8 /* ThirdVC.swift in Sources */ = {isa = PBXBuildFile; fileRef = B738A7762A25DAC600080BC8 /* ThirdVC.swift */; };
		B738A7792A25E32E00080BC8 /* MainCoordinator.swift in Sources */ = {isa = PBXBuildFile; fileRef = B738A7782A25E32E00080BC8 /* MainCoordinator.swift */; };
		B738A77B2A25F51F00080BC8 /* NavigationController.storyboard in Resources */ = {isa = PBXBuildFile; fileRef = B738A77A2A25F51F00080BC8 /* NavigationController.storyboard */; };
		B740DBF12A1E066F00D7D28C /* SearchBarCell.xib in Resources */ = {isa = PBXBuildFile; fileRef = B740DBF02A1E066F00D7D28C /* SearchBarCell.xib */; };
		B75085262A2611B800D15861 /* UIComponentsHomeScreenVC.swift in Sources */ = {isa = PBXBuildFile; fileRef = B75085252A2611B800D15861 /* UIComponentsHomeScreenVC.swift */; };
		B75E81D42A0CEEF200D3616F /* BooksCollectionCell.swift in Sources */ = {isa = PBXBuildFile; fileRef = B75E81D22A0CEEF200D3616F /* BooksCollectionCell.swift */; };
		B75E81D52A0CEEF200D3616F /* BooksCollectionCell.xib in Resources */ = {isa = PBXBuildFile; fileRef = B75E81D32A0CEEF200D3616F /* BooksCollectionCell.xib */; };
		B75E81D82A0CEF0500D3616F /* BooksCollectionVC.swift in Sources */ = {isa = PBXBuildFile; fileRef = B75E81D72A0CEF0500D3616F /* BooksCollectionVC.swift */; };
		B75E81DA2A0CEF5B00D3616F /* BooksAndEmails.swift in Sources */ = {isa = PBXBuildFile; fileRef = B75E81D92A0CEF5B00D3616F /* BooksAndEmails.swift */; };
		B75E81DC2A0CEF9200D3616F /* UIImages.swift in Sources */ = {isa = PBXBuildFile; fileRef = B75E81DB2A0CEF9200D3616F /* UIImages.swift */; };
		B75E81DE2A0D1CCE00D3616F /* Fonts.swift in Sources */ = {isa = PBXBuildFile; fileRef = B75E81DD2A0D1CCE00D3616F /* Fonts.swift */; };
		B76C8EE72A0BA245001B3403 /* UIComponentsPart1.storyboard in Resources */ = {isa = PBXBuildFile; fileRef = B76C8EE62A0BA245001B3403 /* UIComponentsPart1.storyboard */; };
		B76C8EF22A0BA30D001B3403 /* ScrollVC.swift in Sources */ = {isa = PBXBuildFile; fileRef = B76C8EE92A0BA30C001B3403 /* ScrollVC.swift */; };
		B76C8EF32A0BA30D001B3403 /* ButtonVC.swift in Sources */ = {isa = PBXBuildFile; fileRef = B76C8EEA2A0BA30C001B3403 /* ButtonVC.swift */; };
		B76C8EF42A0BA30D001B3403 /* SwitchVC.swift in Sources */ = {isa = PBXBuildFile; fileRef = B76C8EEB2A0BA30C001B3403 /* SwitchVC.swift */; };
		B76C8EF52A0BA30D001B3403 /* SegmentedControlVC.swift in Sources */ = {isa = PBXBuildFile; fileRef = B76C8EEC2A0BA30C001B3403 /* SegmentedControlVC.swift */; };
		B76C8EF62A0BA30D001B3403 /* TextViewVC.swift in Sources */ = {isa = PBXBuildFile; fileRef = B76C8EED2A0BA30C001B3403 /* TextViewVC.swift */; };
		B76C8EF72A0BA30D001B3403 /* TextFieldVC.swift in Sources */ = {isa = PBXBuildFile; fileRef = B76C8EEE2A0BA30C001B3403 /* TextFieldVC.swift */; };
		B76C8EF82A0BA30D001B3403 /* ProgressViewVC.swift in Sources */ = {isa = PBXBuildFile; fileRef = B76C8EEF2A0BA30C001B3403 /* ProgressViewVC.swift */; };
		B76C8EF92A0BA30D001B3403 /* SliderVC.swift in Sources */ = {isa = PBXBuildFile; fileRef = B76C8EF02A0BA30C001B3403 /* SliderVC.swift */; };
		B76C8EFA2A0BA30D001B3403 /* StepperVC.swift in Sources */ = {isa = PBXBuildFile; fileRef = B76C8EF12A0BA30C001B3403 /* StepperVC.swift */; };
		B76C8EFC2A0BA725001B3403 /* UIComponentsSecondPart.storyboard in Resources */ = {isa = PBXBuildFile; fileRef = B76C8EFB2A0BA725001B3403 /* UIComponentsSecondPart.storyboard */; };
		B76C8F0E2A0BA796001B3403 /* ExpandableSectionDetails.swift in Sources */ = {isa = PBXBuildFile; fileRef = B76C8EFF2A0BA796001B3403 /* ExpandableSectionDetails.swift */; };
		B76C8F0F2A0BA796001B3403 /* UserDetails.swift in Sources */ = {isa = PBXBuildFile; fileRef = B76C8F002A0BA796001B3403 /* UserDetails.swift */; };
		B76C8F102A0BA796001B3403 /* AppConstants.swift in Sources */ = {isa = PBXBuildFile; fileRef = B76C8F012A0BA796001B3403 /* AppConstants.swift */; };
		B76C8F112A0BA796001B3403 /* CustomNames.swift in Sources */ = {isa = PBXBuildFile; fileRef = B76C8F022A0BA796001B3403 /* CustomNames.swift */; };
		B76C8F122A0BA796001B3403 /* UIComponentsSecondPartVC.swift in Sources */ = {isa = PBXBuildFile; fileRef = B76C8F052A0BA796001B3403 /* UIComponentsSecondPartVC.swift */; };
		B76C8F132A0BA796001B3403 /* CustomTableVC.swift in Sources */ = {isa = PBXBuildFile; fileRef = B76C8F062A0BA796001B3403 /* CustomTableVC.swift */; };
		B76C8F142A0BA796001B3403 /* ExpandableVC.swift in Sources */ = {isa = PBXBuildFile; fileRef = B76C8F072A0BA796001B3403 /* ExpandableVC.swift */; };
		B76C8F152A0BA796001B3403 /* UserTableViewVC.swift in Sources */ = {isa = PBXBuildFile; fileRef = B76C8F082A0BA796001B3403 /* UserTableViewVC.swift */; };
		B76C8F162A0BA796001B3403 /* CustomCell.swift in Sources */ = {isa = PBXBuildFile; fileRef = B76C8F0A2A0BA796001B3403 /* CustomCell.swift */; };
		B76C8F172A0BA796001B3403 /* ExpandableCell.swift in Sources */ = {isa = PBXBuildFile; fileRef = B76C8F0B2A0BA796001B3403 /* ExpandableCell.swift */; };
		B76C8F182A0BA796001B3403 /* UserTableViewCell.swift in Sources */ = {isa = PBXBuildFile; fileRef = B76C8F0C2A0BA796001B3403 /* UserTableViewCell.swift */; };
		B76C8F192A0BA796001B3403 /* ExpandableCell.xib in Resources */ = {isa = PBXBuildFile; fileRef = B76C8F0D2A0BA796001B3403 /* ExpandableCell.xib */; };
		B797BEE22A151D4500703F02 /* ImagePickerVC.swift in Sources */ = {isa = PBXBuildFile; fileRef = B797BEE12A151D4500703F02 /* ImagePickerVC.swift */; };
		B7A4D82B2A53F8C100608AFD /* UserListStoryboard.storyboard in Resources */ = {isa = PBXBuildFile; fileRef = B7A4D82A2A53F8C100608AFD /* UserListStoryboard.storyboard */; };
		B7A4D82D2A53F8F900608AFD /* UserListVC.swift in Sources */ = {isa = PBXBuildFile; fileRef = B7A4D82C2A53F8F900608AFD /* UserListVC.swift */; };
		B7A4D8302A53FA5600608AFD /* UserListCellTableViewCell.swift in Sources */ = {isa = PBXBuildFile; fileRef = B7A4D82E2A53FA5600608AFD /* UserListCellTableViewCell.swift */; };
		B7A4D8312A53FA5600608AFD /* UserListCellTableViewCell.xib in Resources */ = {isa = PBXBuildFile; fileRef = B7A4D82F2A53FA5600608AFD /* UserListCellTableViewCell.xib */; };
		B7A4D8332A5400F600608AFD /* UserListModel.swift in Sources */ = {isa = PBXBuildFile; fileRef = B7A4D8322A5400F600608AFD /* UserListModel.swift */; };
		B7A4D8352A540EDB00608AFD /* UserListViewModel.swift in Sources */ = {isa = PBXBuildFile; fileRef = B7A4D8342A540EDB00608AFD /* UserListViewModel.swift */; };
		B7A4D8372A5454CB00608AFD /* UIImages+extensions.swift in Sources */ = {isa = PBXBuildFile; fileRef = B7A4D8362A5454CB00608AFD /* UIImages+extensions.swift */; };
		B7A4D8392A546B0D00608AFD /* UserDetailVC.swift in Sources */ = {isa = PBXBuildFile; fileRef = B7A4D8382A546B0D00608AFD /* UserDetailVC.swift */; };
		B7C6FC1D2A120E4F003BA164 /* HeaderCell.swift in Sources */ = {isa = PBXBuildFile; fileRef = B7C6FC1B2A120E4F003BA164 /* HeaderCell.swift */; };
		B7C6FC1E2A120E4F003BA164 /* HeaderCell.xib in Resources */ = {isa = PBXBuildFile; fileRef = B7C6FC1C2A120E4F003BA164 /* HeaderCell.xib */; };
		B7C6FC212A122352003BA164 /* FooterCell.swift in Sources */ = {isa = PBXBuildFile; fileRef = B7C6FC1F2A122352003BA164 /* FooterCell.swift */; };
		B7C6FC222A122352003BA164 /* FooterCell.xib in Resources */ = {isa = PBXBuildFile; fileRef = B7C6FC202A122352003BA164 /* FooterCell.xib */; };
		B7C6FC252A122EFC003BA164 /* EmailCell.swift in Sources */ = {isa = PBXBuildFile; fileRef = B7C6FC232A122EFC003BA164 /* EmailCell.swift */; };
		B7C6FC262A122EFC003BA164 /* EmailCell.xib in Resources */ = {isa = PBXBuildFile; fileRef = B7C6FC242A122EFC003BA164 /* EmailCell.xib */; };
		B7D785A12A206F710091EF56 /* OnboardingScreen.storyboard in Resources */ = {isa = PBXBuildFile; fileRef = B7D785A02A206F710091EF56 /* OnboardingScreen.storyboard */; };
		B7D785A32A20702D0091EF56 /* OnboardingScreenVC.swift in Sources */ = {isa = PBXBuildFile; fileRef = B7D785A22A20702D0091EF56 /* OnboardingScreenVC.swift */; };
		B7D785A92A2074AB0091EF56 /* OnboardingScreenData.swift in Sources */ = {isa = PBXBuildFile; fileRef = B7D785A82A2074AB0091EF56 /* OnboardingScreenData.swift */; };
		B7D785AC2A207A1F0091EF56 /* OnboardingScreenCell.swift in Sources */ = {isa = PBXBuildFile; fileRef = B7D785AA2A207A1F0091EF56 /* OnboardingScreenCell.swift */; };
		B7D785AD2A207A1F0091EF56 /* OnboardingScreenCell.xib in Resources */ = {isa = PBXBuildFile; fileRef = B7D785AB2A207A1F0091EF56 /* OnboardingScreenCell.xib */; };
		B7D92E2B2A27580C002CF8AA /* PresentStylesVC.swift in Sources */ = {isa = PBXBuildFile; fileRef = B7D92E2A2A27580C002CF8AA /* PresentStylesVC.swift */; };
		B7D92E2D2A275B06002CF8AA /* FourthVC.swift in Sources */ = {isa = PBXBuildFile; fileRef = B7D92E2C2A275B06002CF8AA /* FourthVC.swift */; };
		B7E72CBD2A1D1C4400D84812 /* SearchBar.storyboard in Resources */ = {isa = PBXBuildFile; fileRef = B7E72CBC2A1D1C4400D84812 /* SearchBar.storyboard */; };
		B7EBA33B2A14A6980095F8DB /* Fruits.swift in Sources */ = {isa = PBXBuildFile; fileRef = B7EBA33A2A14A6980095F8DB /* Fruits.swift */; };
		B7EBA33D2A14A6A20095F8DB /* SearchBarVC.swift in Sources */ = {isa = PBXBuildFile; fileRef = B7EBA33C2A14A6A20095F8DB /* SearchBarVC.swift */; };
		B7EBA3432A14A6FF0095F8DB /* SearchBarCell.swift in Sources */ = {isa = PBXBuildFile; fileRef = B7EBA3422A14A6FF0095F8DB /* SearchBarCell.swift */; };
		B7EBA3452A14CC320095F8DB /* StackViewAndToolBar.storyboard in Resources */ = {isa = PBXBuildFile; fileRef = B7EBA3442A14CC320095F8DB /* StackViewAndToolBar.storyboard */; };
		B7EBA3472A14CC7D0095F8DB /* StackViewVC.swift in Sources */ = {isa = PBXBuildFile; fileRef = B7EBA3462A14CC7D0095F8DB /* StackViewVC.swift */; };
/* End PBXBuildFile section */

/* Begin PBXFileReference section */
		6A5B0EC4BF0761C28FFA3591 /* Pods-GreetingApp.debug.xcconfig */ = {isa = PBXFileReference; includeInIndex = 1; lastKnownFileType = text.xcconfig; name = "Pods-GreetingApp.debug.xcconfig"; path = "Target Support Files/Pods-GreetingApp/Pods-GreetingApp.debug.xcconfig"; sourceTree = "<group>"; };
		B700428E299DE92600FF5B4E /* AppDelegate.swift */ = {isa = PBXFileReference; lastKnownFileType = sourcecode.swift; path = AppDelegate.swift; sourceTree = "<group>"; };
		B7004290299DE92600FF5B4E /* SceneDelegate.swift */ = {isa = PBXFileReference; lastKnownFileType = sourcecode.swift; path = SceneDelegate.swift; sourceTree = "<group>"; };
		B7004295299DE92600FF5B4E /* Base */ = {isa = PBXFileReference; lastKnownFileType = file.storyboard; name = Base; path = Base.lproj/Main.storyboard; sourceTree = "<group>"; };
		B7004297299DE92700FF5B4E /* Assets.xcassets */ = {isa = PBXFileReference; lastKnownFileType = folder.assetcatalog; path = Assets.xcassets; sourceTree = "<group>"; };
		B700429A299DE92700FF5B4E /* Base */ = {isa = PBXFileReference; lastKnownFileType = file.storyboard; name = Base; path = Base.lproj/LaunchScreen.storyboard; sourceTree = "<group>"; };
		B700429C299DE92700FF5B4E /* Info.plist */ = {isa = PBXFileReference; lastKnownFileType = text.plist.xml; path = Info.plist; sourceTree = "<group>"; };
		B71FE6C62A1F946500C9990A /* GreetingApp.app */ = {isa = PBXFileReference; explicitFileType = wrapper.application; includeInIndex = 0; path = GreetingApp.app; sourceTree = BUILT_PRODUCTS_DIR; };
		B71FE6C72A1F94B000C9990A /* GeeksForGeeksWebView.swift */ = {isa = PBXFileReference; fileEncoding = 4; lastKnownFileType = sourcecode.swift; path = GeeksForGeeksWebView.swift; sourceTree = "<group>"; };
		B71FE6C92A1F94D900C9990A /* URLs.swift */ = {isa = PBXFileReference; lastKnownFileType = sourcecode.swift; path = URLs.swift; sourceTree = "<group>"; };
		B7223A432A470AD100C7F1AF /* LabelVC.swift */ = {isa = PBXFileReference; lastKnownFileType = sourcecode.swift; path = LabelVC.swift; sourceTree = "<group>"; };
		B7223A452A470B0400C7F1AF /* TableViewVC.swift */ = {isa = PBXFileReference; fileEncoding = 4; lastKnownFileType = sourcecode.swift; path = TableViewVC.swift; sourceTree = "<group>"; };
		B7223A472A470CDD00C7F1AF /* HomeViewController.swift */ = {isa = PBXFileReference; fileEncoding = 4; lastKnownFileType = sourcecode.swift; path = HomeViewController.swift; sourceTree = "<group>"; };
		B7260E372A1B3A9E00A4C6C9 /* PickerView.storyboard */ = {isa = PBXFileReference; lastKnownFileType = file.storyboard; path = PickerView.storyboard; sourceTree = "<group>"; };
		B7260E392A1B3B3100A4C6C9 /* PickerViewVC.swift */ = {isa = PBXFileReference; lastKnownFileType = sourcecode.swift; path = PickerViewVC.swift; sourceTree = "<group>"; };
		B7260E3B2A1B3FD600A4C6C9 /* PickerData.swift */ = {isa = PBXFileReference; lastKnownFileType = sourcecode.swift; path = PickerData.swift; sourceTree = "<group>"; };
		B7275CC82A1E565B0014BC56 /* MapView.storyboard */ = {isa = PBXFileReference; fileEncoding = 4; lastKnownFileType = file.storyboard; path = MapView.storyboard; sourceTree = "<group>"; };
		B7275CCA2A1E567D0014BC56 /* MapViewVC.swift */ = {isa = PBXFileReference; fileEncoding = 4; lastKnownFileType = sourcecode.swift; path = MapViewVC.swift; sourceTree = "<group>"; };
		B7275CCC2A1E56830014BC56 /* LocationModel.swift */ = {isa = PBXFileReference; fileEncoding = 4; lastKnownFileType = sourcecode.swift; path = LocationModel.swift; sourceTree = "<group>"; };
		B72AE5602A52979500371C09 /* ParkingLotScreen.storyboard */ = {isa = PBXFileReference; fileEncoding = 4; lastKnownFileType = file.storyboard; path = ParkingLotScreen.storyboard; sourceTree = "<group>"; };
		B72AE5622A5297BA00371C09 /* ParkingLotModel.swift */ = {isa = PBXFileReference; fileEncoding = 4; lastKnownFileType = sourcecode.swift; path = ParkingLotModel.swift; sourceTree = "<group>"; };
		B72AE5642A5297C500371C09 /* ParkingLotCell.swift */ = {isa = PBXFileReference; fileEncoding = 4; lastKnownFileType = sourcecode.swift; path = ParkingLotCell.swift; sourceTree = "<group>"; };
		B72AE5662A5297CB00371C09 /* ParkingLotCell.xib */ = {isa = PBXFileReference; fileEncoding = 4; lastKnownFileType = file.xib; path = ParkingLotCell.xib; sourceTree = "<group>"; };
		B72AE5682A5297D500371C09 /* ParkingLotHeaderCell.swift */ = {isa = PBXFileReference; fileEncoding = 4; lastKnownFileType = sourcecode.swift; path = ParkingLotHeaderCell.swift; sourceTree = "<group>"; };
		B72AE56A2A5297D900371C09 /* ParkingLotHeaderCell.xib */ = {isa = PBXFileReference; fileEncoding = 4; lastKnownFileType = file.xib; path = ParkingLotHeaderCell.xib; sourceTree = "<group>"; };
		B72AE56C2A5297E000371C09 /* ParkingLotTimeSheetCell.swift */ = {isa = PBXFileReference; fileEncoding = 4; lastKnownFileType = sourcecode.swift; path = ParkingLotTimeSheetCell.swift; sourceTree = "<group>"; };
		B72AE56E2A5297E400371C09 /* ParkingLotTimeSheetCell.xib */ = {isa = PBXFileReference; fileEncoding = 4; lastKnownFileType = file.xib; path = ParkingLotTimeSheetCell.xib; sourceTree = "<group>"; };
		B72AE5702A5297FB00371C09 /* ParkingLotVC.swift */ = {isa = PBXFileReference; fileEncoding = 4; lastKnownFileType = sourcecode.swift; path = ParkingLotVC.swift; sourceTree = "<group>"; };
		B72AE5722A52A29E00371C09 /* ProfileScreen.storyboard */ = {isa = PBXFileReference; fileEncoding = 4; lastKnownFileType = file.storyboard; path = ProfileScreen.storyboard; sourceTree = "<group>"; };
		B72AE5742A52A2D000371C09 /* CloseAccountVC.swift */ = {isa = PBXFileReference; fileEncoding = 4; lastKnownFileType = sourcecode.swift; path = CloseAccountVC.swift; sourceTree = "<group>"; };
		B72AE5752A52A2D000371C09 /* ChangeEmailVC.swift */ = {isa = PBXFileReference; fileEncoding = 4; lastKnownFileType = sourcecode.swift; path = ChangeEmailVC.swift; sourceTree = "<group>"; };
		B72AE5762A52A2D100371C09 /* ProfileScreenVC.swift */ = {isa = PBXFileReference; fileEncoding = 4; lastKnownFileType = sourcecode.swift; path = ProfileScreenVC.swift; sourceTree = "<group>"; };
		B72AE57E2A52DC3B00371C09 /* ApiManager.swift */ = {isa = PBXFileReference; lastKnownFileType = sourcecode.swift; path = ApiManager.swift; sourceTree = "<group>"; };
		B72AE5812A52E20200371C09 /* BaseViewModel.swift */ = {isa = PBXFileReference; lastKnownFileType = sourcecode.swift; path = BaseViewModel.swift; sourceTree = "<group>"; };
		B72AE5832A52E39F00371C09 /* StackViewModel.swift */ = {isa = PBXFileReference; lastKnownFileType = sourcecode.swift; path = StackViewModel.swift; sourceTree = "<group>"; };
		B72AE5852A52E4A500371C09 /* StackModel.swift */ = {isa = PBXFileReference; lastKnownFileType = sourcecode.swift; path = StackModel.swift; sourceTree = "<group>"; };
		B72AE5872A52E58F00371C09 /* Convertible.swift */ = {isa = PBXFileReference; lastKnownFileType = sourcecode.swift; path = Convertible.swift; sourceTree = "<group>"; };
		B72AE5892A52F39B00371C09 /* StackResponseModel.swift */ = {isa = PBXFileReference; lastKnownFileType = sourcecode.swift; path = StackResponseModel.swift; sourceTree = "<group>"; };
		B72AE5912A52FB3300371C09 /* UIViewcontroller+extensions.swift */ = {isa = PBXFileReference; lastKnownFileType = sourcecode.swift; path = "UIViewcontroller+extensions.swift"; sourceTree = "<group>"; };
		B72AE5932A52FD8A00371C09 /* Dynamic.swift */ = {isa = PBXFileReference; lastKnownFileType = sourcecode.swift; path = Dynamic.swift; sourceTree = "<group>"; };
		B72C8B8A2A162D4100E11172 /* TabBar.storyboard */ = {isa = PBXFileReference; lastKnownFileType = file.storyboard; path = TabBar.storyboard; sourceTree = "<group>"; };
		B72C8B8C2A163F8400E11172 /* TabBarVC.swift */ = {isa = PBXFileReference; lastKnownFileType = sourcecode.swift; path = TabBarVC.swift; sourceTree = "<group>"; };
		B72C8B8E2A1640EC00E11172 /* ImagePicker.storyboard */ = {isa = PBXFileReference; lastKnownFileType = file.storyboard; path = ImagePicker.storyboard; sourceTree = "<group>"; };
		B73179AD2A24F968005DCBF3 /* SenderVC.swift */ = {isa = PBXFileReference; fileEncoding = 4; lastKnownFileType = sourcecode.swift; path = SenderVC.swift; sourceTree = "<group>"; };
		B73179AF2A24F96D005DCBF3 /* ReceiverVC.swift */ = {isa = PBXFileReference; fileEncoding = 4; lastKnownFileType = sourcecode.swift; path = ReceiverVC.swift; sourceTree = "<group>"; };
		B738A76F2A25D58600080BC8 /* NavigationControllerVC.swift */ = {isa = PBXFileReference; lastKnownFileType = sourcecode.swift; path = NavigationControllerVC.swift; sourceTree = "<group>"; };
		B738A7712A25D85700080BC8 /* FirstVC.swift */ = {isa = PBXFileReference; lastKnownFileType = sourcecode.swift; path = FirstVC.swift; sourceTree = "<group>"; };
		B738A7732A25D8C500080BC8 /* SecondVC.swift */ = {isa = PBXFileReference; lastKnownFileType = sourcecode.swift; path = SecondVC.swift; sourceTree = "<group>"; };
		B738A7762A25DAC600080BC8 /* ThirdVC.swift */ = {isa = PBXFileReference; lastKnownFileType = sourcecode.swift; path = ThirdVC.swift; sourceTree = "<group>"; };
		B738A7782A25E32E00080BC8 /* MainCoordinator.swift */ = {isa = PBXFileReference; lastKnownFileType = sourcecode.swift; path = MainCoordinator.swift; sourceTree = "<group>"; };
		B738A77A2A25F51F00080BC8 /* NavigationController.storyboard */ = {isa = PBXFileReference; fileEncoding = 4; lastKnownFileType = file.storyboard; path = NavigationController.storyboard; sourceTree = "<group>"; };
		B740DBF02A1E066F00D7D28C /* SearchBarCell.xib */ = {isa = PBXFileReference; fileEncoding = 4; lastKnownFileType = file.xib; path = SearchBarCell.xib; sourceTree = "<group>"; };
		B75085252A2611B800D15861 /* UIComponentsHomeScreenVC.swift */ = {isa = PBXFileReference; lastKnownFileType = sourcecode.swift; path = UIComponentsHomeScreenVC.swift; sourceTree = "<group>"; };
		B75E81D22A0CEEF200D3616F /* BooksCollectionCell.swift */ = {isa = PBXFileReference; fileEncoding = 4; lastKnownFileType = sourcecode.swift; path = BooksCollectionCell.swift; sourceTree = "<group>"; };
		B75E81D32A0CEEF200D3616F /* BooksCollectionCell.xib */ = {isa = PBXFileReference; fileEncoding = 4; lastKnownFileType = file.xib; path = BooksCollectionCell.xib; sourceTree = "<group>"; };
		B75E81D72A0CEF0500D3616F /* BooksCollectionVC.swift */ = {isa = PBXFileReference; fileEncoding = 4; lastKnownFileType = sourcecode.swift; path = BooksCollectionVC.swift; sourceTree = "<group>"; };
		B75E81D92A0CEF5B00D3616F /* BooksAndEmails.swift */ = {isa = PBXFileReference; fileEncoding = 4; lastKnownFileType = sourcecode.swift; path = BooksAndEmails.swift; sourceTree = "<group>"; };
		B75E81DB2A0CEF9200D3616F /* UIImages.swift */ = {isa = PBXFileReference; fileEncoding = 4; lastKnownFileType = sourcecode.swift; path = UIImages.swift; sourceTree = "<group>"; };
		B75E81DD2A0D1CCE00D3616F /* Fonts.swift */ = {isa = PBXFileReference; lastKnownFileType = sourcecode.swift; path = Fonts.swift; sourceTree = "<group>"; };
		B76C8EE62A0BA245001B3403 /* UIComponentsPart1.storyboard */ = {isa = PBXFileReference; lastKnownFileType = file.storyboard; path = UIComponentsPart1.storyboard; sourceTree = "<group>"; };
		B76C8EE92A0BA30C001B3403 /* ScrollVC.swift */ = {isa = PBXFileReference; fileEncoding = 4; lastKnownFileType = sourcecode.swift; path = ScrollVC.swift; sourceTree = "<group>"; };
		B76C8EEA2A0BA30C001B3403 /* ButtonVC.swift */ = {isa = PBXFileReference; fileEncoding = 4; lastKnownFileType = sourcecode.swift; path = ButtonVC.swift; sourceTree = "<group>"; };
		B76C8EEB2A0BA30C001B3403 /* SwitchVC.swift */ = {isa = PBXFileReference; fileEncoding = 4; lastKnownFileType = sourcecode.swift; path = SwitchVC.swift; sourceTree = "<group>"; };
		B76C8EEC2A0BA30C001B3403 /* SegmentedControlVC.swift */ = {isa = PBXFileReference; fileEncoding = 4; lastKnownFileType = sourcecode.swift; path = SegmentedControlVC.swift; sourceTree = "<group>"; };
		B76C8EED2A0BA30C001B3403 /* TextViewVC.swift */ = {isa = PBXFileReference; fileEncoding = 4; lastKnownFileType = sourcecode.swift; path = TextViewVC.swift; sourceTree = "<group>"; };
		B76C8EEE2A0BA30C001B3403 /* TextFieldVC.swift */ = {isa = PBXFileReference; fileEncoding = 4; lastKnownFileType = sourcecode.swift; path = TextFieldVC.swift; sourceTree = "<group>"; };
		B76C8EEF2A0BA30C001B3403 /* ProgressViewVC.swift */ = {isa = PBXFileReference; fileEncoding = 4; lastKnownFileType = sourcecode.swift; path = ProgressViewVC.swift; sourceTree = "<group>"; };
		B76C8EF02A0BA30C001B3403 /* SliderVC.swift */ = {isa = PBXFileReference; fileEncoding = 4; lastKnownFileType = sourcecode.swift; path = SliderVC.swift; sourceTree = "<group>"; };
		B76C8EF12A0BA30C001B3403 /* StepperVC.swift */ = {isa = PBXFileReference; fileEncoding = 4; lastKnownFileType = sourcecode.swift; path = StepperVC.swift; sourceTree = "<group>"; };
		B76C8EFB2A0BA725001B3403 /* UIComponentsSecondPart.storyboard */ = {isa = PBXFileReference; lastKnownFileType = file.storyboard; path = UIComponentsSecondPart.storyboard; sourceTree = "<group>"; };
		B76C8EFF2A0BA796001B3403 /* ExpandableSectionDetails.swift */ = {isa = PBXFileReference; fileEncoding = 4; lastKnownFileType = sourcecode.swift; path = ExpandableSectionDetails.swift; sourceTree = "<group>"; };
		B76C8F002A0BA796001B3403 /* UserDetails.swift */ = {isa = PBXFileReference; fileEncoding = 4; lastKnownFileType = sourcecode.swift; path = UserDetails.swift; sourceTree = "<group>"; };
		B76C8F012A0BA796001B3403 /* AppConstants.swift */ = {isa = PBXFileReference; fileEncoding = 4; lastKnownFileType = sourcecode.swift; path = AppConstants.swift; sourceTree = "<group>"; };
		B76C8F022A0BA796001B3403 /* CustomNames.swift */ = {isa = PBXFileReference; fileEncoding = 4; lastKnownFileType = sourcecode.swift; path = CustomNames.swift; sourceTree = "<group>"; };
		B76C8F052A0BA796001B3403 /* UIComponentsSecondPartVC.swift */ = {isa = PBXFileReference; fileEncoding = 4; lastKnownFileType = sourcecode.swift; path = UIComponentsSecondPartVC.swift; sourceTree = "<group>"; };
		B76C8F062A0BA796001B3403 /* CustomTableVC.swift */ = {isa = PBXFileReference; fileEncoding = 4; lastKnownFileType = sourcecode.swift; path = CustomTableVC.swift; sourceTree = "<group>"; };
		B76C8F072A0BA796001B3403 /* ExpandableVC.swift */ = {isa = PBXFileReference; fileEncoding = 4; lastKnownFileType = sourcecode.swift; path = ExpandableVC.swift; sourceTree = "<group>"; };
		B76C8F082A0BA796001B3403 /* UserTableViewVC.swift */ = {isa = PBXFileReference; fileEncoding = 4; lastKnownFileType = sourcecode.swift; path = UserTableViewVC.swift; sourceTree = "<group>"; };
		B76C8F0A2A0BA796001B3403 /* CustomCell.swift */ = {isa = PBXFileReference; fileEncoding = 4; lastKnownFileType = sourcecode.swift; path = CustomCell.swift; sourceTree = "<group>"; };
		B76C8F0B2A0BA796001B3403 /* ExpandableCell.swift */ = {isa = PBXFileReference; fileEncoding = 4; lastKnownFileType = sourcecode.swift; path = ExpandableCell.swift; sourceTree = "<group>"; };
		B76C8F0C2A0BA796001B3403 /* UserTableViewCell.swift */ = {isa = PBXFileReference; fileEncoding = 4; lastKnownFileType = sourcecode.swift; path = UserTableViewCell.swift; sourceTree = "<group>"; };
		B76C8F0D2A0BA796001B3403 /* ExpandableCell.xib */ = {isa = PBXFileReference; fileEncoding = 4; lastKnownFileType = file.xib; path = ExpandableCell.xib; sourceTree = "<group>"; };
		B797BEE12A151D4500703F02 /* ImagePickerVC.swift */ = {isa = PBXFileReference; lastKnownFileType = sourcecode.swift; path = ImagePickerVC.swift; sourceTree = "<group>"; };
		B7A4D82A2A53F8C100608AFD /* UserListStoryboard.storyboard */ = {isa = PBXFileReference; lastKnownFileType = file.storyboard; path = UserListStoryboard.storyboard; sourceTree = "<group>"; };
		B7A4D82C2A53F8F900608AFD /* UserListVC.swift */ = {isa = PBXFileReference; lastKnownFileType = sourcecode.swift; path = UserListVC.swift; sourceTree = "<group>"; };
		B7A4D82E2A53FA5600608AFD /* UserListCellTableViewCell.swift */ = {isa = PBXFileReference; lastKnownFileType = sourcecode.swift; path = UserListCellTableViewCell.swift; sourceTree = "<group>"; };
		B7A4D82F2A53FA5600608AFD /* UserListCellTableViewCell.xib */ = {isa = PBXFileReference; lastKnownFileType = file.xib; path = UserListCellTableViewCell.xib; sourceTree = "<group>"; };
		B7A4D8322A5400F600608AFD /* UserListModel.swift */ = {isa = PBXFileReference; lastKnownFileType = sourcecode.swift; path = UserListModel.swift; sourceTree = "<group>"; };
		B7A4D8342A540EDB00608AFD /* UserListViewModel.swift */ = {isa = PBXFileReference; lastKnownFileType = sourcecode.swift; path = UserListViewModel.swift; sourceTree = "<group>"; };
		B7A4D8362A5454CB00608AFD /* UIImages+extensions.swift */ = {isa = PBXFileReference; lastKnownFileType = sourcecode.swift; path = "UIImages+extensions.swift"; sourceTree = "<group>"; };
		B7A4D8382A546B0D00608AFD /* UserDetailVC.swift */ = {isa = PBXFileReference; lastKnownFileType = sourcecode.swift; path = UserDetailVC.swift; sourceTree = "<group>"; };
		B7C6FC1B2A120E4F003BA164 /* HeaderCell.swift */ = {isa = PBXFileReference; lastKnownFileType = sourcecode.swift; path = HeaderCell.swift; sourceTree = "<group>"; };
		B7C6FC1C2A120E4F003BA164 /* HeaderCell.xib */ = {isa = PBXFileReference; lastKnownFileType = file.xib; path = HeaderCell.xib; sourceTree = "<group>"; };
		B7C6FC1F2A122352003BA164 /* FooterCell.swift */ = {isa = PBXFileReference; lastKnownFileType = sourcecode.swift; path = FooterCell.swift; sourceTree = "<group>"; };
		B7C6FC202A122352003BA164 /* FooterCell.xib */ = {isa = PBXFileReference; lastKnownFileType = file.xib; path = FooterCell.xib; sourceTree = "<group>"; };
		B7C6FC232A122EFC003BA164 /* EmailCell.swift */ = {isa = PBXFileReference; lastKnownFileType = sourcecode.swift; path = EmailCell.swift; sourceTree = "<group>"; };
		B7C6FC242A122EFC003BA164 /* EmailCell.xib */ = {isa = PBXFileReference; lastKnownFileType = file.xib; path = EmailCell.xib; sourceTree = "<group>"; };
		B7D785A02A206F710091EF56 /* OnboardingScreen.storyboard */ = {isa = PBXFileReference; lastKnownFileType = file.storyboard; path = OnboardingScreen.storyboard; sourceTree = "<group>"; };
		B7D785A22A20702D0091EF56 /* OnboardingScreenVC.swift */ = {isa = PBXFileReference; lastKnownFileType = sourcecode.swift; path = OnboardingScreenVC.swift; sourceTree = "<group>"; };
		B7D785A82A2074AB0091EF56 /* OnboardingScreenData.swift */ = {isa = PBXFileReference; lastKnownFileType = sourcecode.swift; path = OnboardingScreenData.swift; sourceTree = "<group>"; };
		B7D785AA2A207A1F0091EF56 /* OnboardingScreenCell.swift */ = {isa = PBXFileReference; lastKnownFileType = sourcecode.swift; path = OnboardingScreenCell.swift; sourceTree = "<group>"; };
		B7D785AB2A207A1F0091EF56 /* OnboardingScreenCell.xib */ = {isa = PBXFileReference; lastKnownFileType = file.xib; path = OnboardingScreenCell.xib; sourceTree = "<group>"; };
		B7D92E2A2A27580C002CF8AA /* PresentStylesVC.swift */ = {isa = PBXFileReference; lastKnownFileType = sourcecode.swift; path = PresentStylesVC.swift; sourceTree = "<group>"; };
		B7D92E2C2A275B06002CF8AA /* FourthVC.swift */ = {isa = PBXFileReference; lastKnownFileType = sourcecode.swift; path = FourthVC.swift; sourceTree = "<group>"; };
		B7E72CBC2A1D1C4400D84812 /* SearchBar.storyboard */ = {isa = PBXFileReference; fileEncoding = 4; lastKnownFileType = file.storyboard; path = SearchBar.storyboard; sourceTree = "<group>"; };
		B7EBA33A2A14A6980095F8DB /* Fruits.swift */ = {isa = PBXFileReference; fileEncoding = 4; lastKnownFileType = sourcecode.swift; name = Fruits.swift; path = "/Users/atul/Simform-IOS/GreetingApp/UIComponentsPart-2/Model/Fruits.swift"; sourceTree = "<absolute>"; };
		B7EBA33C2A14A6A20095F8DB /* SearchBarVC.swift */ = {isa = PBXFileReference; fileEncoding = 4; lastKnownFileType = sourcecode.swift; name = SearchBarVC.swift; path = "/Users/atul/Simform-IOS/GreetingApp/UIComponentsPart-2/Views/TableVC/SearchBarVC.swift"; sourceTree = "<absolute>"; };
		B7EBA3422A14A6FF0095F8DB /* SearchBarCell.swift */ = {isa = PBXFileReference; fileEncoding = 4; lastKnownFileType = sourcecode.swift; name = SearchBarCell.swift; path = "/Users/atul/Simform-IOS/GreetingApp/UIComponentsPart-2/Views/Cells/SearchBarCell.swift"; sourceTree = "<absolute>"; };
		B7EBA3442A14CC320095F8DB /* StackViewAndToolBar.storyboard */ = {isa = PBXFileReference; lastKnownFileType = file.storyboard; path = StackViewAndToolBar.storyboard; sourceTree = "<group>"; };
		B7EBA3462A14CC7D0095F8DB /* StackViewVC.swift */ = {isa = PBXFileReference; lastKnownFileType = sourcecode.swift; path = StackViewVC.swift; sourceTree = "<group>"; };
		BBDDA6999FB2FB129D3F4D98 /* Pods-GreetingApp.release.xcconfig */ = {isa = PBXFileReference; includeInIndex = 1; lastKnownFileType = text.xcconfig; name = "Pods-GreetingApp.release.xcconfig"; path = "Target Support Files/Pods-GreetingApp/Pods-GreetingApp.release.xcconfig"; sourceTree = "<group>"; };
		D3BC88EBEFD5DB73285F4F69 /* Pods_GreetingApp.framework */ = {isa = PBXFileReference; explicitFileType = wrapper.framework; includeInIndex = 0; path = Pods_GreetingApp.framework; sourceTree = BUILT_PRODUCTS_DIR; };
/* End PBXFileReference section */

/* Begin PBXFrameworksBuildPhase section */
		B7004288299DE92600FF5B4E /* Frameworks */ = {
			isa = PBXFrameworksBuildPhase;
			buildActionMask = 2147483647;
			files = (
				A3EA533656B2F6E6761E8223 /* Pods_GreetingApp.framework in Frameworks */,
			);
			runOnlyForDeploymentPostprocessing = 0;
		};
/* End PBXFrameworksBuildPhase section */

/* Begin PBXGroup section */
		124DD6A1FB3BEF1E2C443199 /* Frameworks */ = {
			isa = PBXGroup;
			children = (
				D3BC88EBEFD5DB73285F4F69 /* Pods_GreetingApp.framework */,
			);
			name = Frameworks;
			sourceTree = "<group>";
		};
		4EBBCE5A92D894C821518530 /* Pods */ = {
			isa = PBXGroup;
			children = (
				6A5B0EC4BF0761C28FFA3591 /* Pods-GreetingApp.debug.xcconfig */,
				BBDDA6999FB2FB129D3F4D98 /* Pods-GreetingApp.release.xcconfig */,
			);
			path = Pods;
			sourceTree = "<group>";
		};
		B7004282299DE92600FF5B4E = {
			isa = PBXGroup;
			children = (
				B700428D299DE92600FF5B4E /* GreetingApp */,
				B71FE6C62A1F946500C9990A /* GreetingApp.app */,
				4EBBCE5A92D894C821518530 /* Pods */,
				124DD6A1FB3BEF1E2C443199 /* Frameworks */,
			);
			sourceTree = "<group>";
		};
		B700428D299DE92600FF5B4E /* GreetingApp */ = {
			isa = PBXGroup;
			children = (
				B72AE5902A52FB1400371C09 /* Extensions */,
				B72AE57C2A52DBF900371C09 /* Network Layer  */,
				B700428E299DE92600FF5B4E /* AppDelegate.swift */,
				B7004290299DE92600FF5B4E /* SceneDelegate.swift */,
				B7223A472A470CDD00C7F1AF /* HomeViewController.swift */,
				B7004294299DE92600FF5B4E /* Main.storyboard */,
				B7004297299DE92700FF5B4E /* Assets.xcassets */,
				B7004299299DE92700FF5B4E /* LaunchScreen.storyboard */,
				B700429C299DE92700FF5B4E /* Info.plist */,
				B76C8F012A0BA796001B3403 /* AppConstants.swift */,
				B75E81DB2A0CEF9200D3616F /* UIImages.swift */,
				B75E81DD2A0D1CCE00D3616F /* Fonts.swift */,
				B71FE6C92A1F94D900C9990A /* URLs.swift */,
				B76C8EE82A0BA30C001B3403 /* UI Components */,
				B76C8EFB2A0BA725001B3403 /* UIComponentsSecondPart.storyboard */,
				B76C8EE62A0BA245001B3403 /* UIComponentsPart1.storyboard */,
				B7260E372A1B3A9E00A4C6C9 /* PickerView.storyboard */,
				B7EBA3442A14CC320095F8DB /* StackViewAndToolBar.storyboard */,
				B72C8B8A2A162D4100E11172 /* TabBar.storyboard */,
				B72C8B8E2A1640EC00E11172 /* ImagePicker.storyboard */,
				B7E72CBC2A1D1C4400D84812 /* SearchBar.storyboard */,
				B7275CC82A1E565B0014BC56 /* MapView.storyboard */,
				B738A77A2A25F51F00080BC8 /* NavigationController.storyboard */,
				B72AE5602A52979500371C09 /* ParkingLotScreen.storyboard */,
				B72AE5722A52A29E00371C09 /* ProfileScreen.storyboard */,
				B71FE6C72A1F94B000C9990A /* GeeksForGeeksWebView.swift */,
				B738A76F2A25D58600080BC8 /* NavigationControllerVC.swift */,
				B738A7712A25D85700080BC8 /* FirstVC.swift */,
				B738A7732A25D8C500080BC8 /* SecondVC.swift */,
				B738A7762A25DAC600080BC8 /* ThirdVC.swift */,
				B7D92E2C2A275B06002CF8AA /* FourthVC.swift */,
				B738A7782A25E32E00080BC8 /* MainCoordinator.swift */,
				B7D92E2A2A27580C002CF8AA /* PresentStylesVC.swift */,
				B73179AD2A24F968005DCBF3 /* SenderVC.swift */,
				B73179AF2A24F96D005DCBF3 /* ReceiverVC.swift */,
				B7275CCA2A1E567D0014BC56 /* MapViewVC.swift */,
				B7260E392A1B3B3100A4C6C9 /* PickerViewVC.swift */,
				B797BEE12A151D4500703F02 /* ImagePickerVC.swift */,
				B7EBA3462A14CC7D0095F8DB /* StackViewVC.swift */,
				B7EBA33C2A14A6A20095F8DB /* SearchBarVC.swift */,
				B72AE5702A5297FB00371C09 /* ParkingLotVC.swift */,
				B72AE5752A52A2D000371C09 /* ChangeEmailVC.swift */,
				B72AE5742A52A2D000371C09 /* CloseAccountVC.swift */,
				B72AE5762A52A2D100371C09 /* ProfileScreenVC.swift */,
				B76C8EFD2A0BA796001B3403 /* UIComponentsPart-2 */,
				B7D785A02A206F710091EF56 /* OnboardingScreen.storyboard */,
				B7D785A22A20702D0091EF56 /* OnboardingScreenVC.swift */,
				B7D785AA2A207A1F0091EF56 /* OnboardingScreenCell.swift */,
				B7D785AB2A207A1F0091EF56 /* OnboardingScreenCell.xib */,
				B75085252A2611B800D15861 /* UIComponentsHomeScreenVC.swift */,
				B7223A452A470B0400C7F1AF /* TableViewVC.swift */,
				B7223A432A470AD100C7F1AF /* LabelVC.swift */,
				B72AE5832A52E39F00371C09 /* StackViewModel.swift */,
				B7A4D82A2A53F8C100608AFD /* UserListStoryboard.storyboard */,
				B7A4D82C2A53F8F900608AFD /* UserListVC.swift */,
				B7A4D8322A5400F600608AFD /* UserListModel.swift */,
				B7A4D82E2A53FA5600608AFD /* UserListCellTableViewCell.swift */,
				B7A4D82F2A53FA5600608AFD /* UserListCellTableViewCell.xib */,
				B7A4D8342A540EDB00608AFD /* UserListViewModel.swift */,
				B7A4D8382A546B0D00608AFD /* UserDetailVC.swift */,
			);
			path = GreetingApp;
			sourceTree = "<group>";
		};
		B72AE57C2A52DBF900371C09 /* Network Layer  */ = {
			isa = PBXGroup;
			children = (
				B72AE5802A52E1D800371C09 /* Base View Model */,
				B72AE57D2A52DC1000371C09 /* Api Manager  */,
			);
			path = "Network Layer ";
			sourceTree = "<group>";
		};
		B72AE57D2A52DC1000371C09 /* Api Manager  */ = {
			isa = PBXGroup;
			children = (
				B72AE57E2A52DC3B00371C09 /* ApiManager.swift */,
				B72AE5872A52E58F00371C09 /* Convertible.swift */,
				B72AE5932A52FD8A00371C09 /* Dynamic.swift */,
			);
			path = "Api Manager ";
			sourceTree = "<group>";
		};
		B72AE5802A52E1D800371C09 /* Base View Model */ = {
			isa = PBXGroup;
			children = (
				B72AE5812A52E20200371C09 /* BaseViewModel.swift */,
			);
			path = "Base View Model";
			sourceTree = "<group>";
		};
		B72AE5902A52FB1400371C09 /* Extensions */ = {
			isa = PBXGroup;
			children = (
				B72AE5912A52FB3300371C09 /* UIViewcontroller+extensions.swift */,
				B7A4D8362A5454CB00608AFD /* UIImages+extensions.swift */,
			);
			path = Extensions;
			sourceTree = "<group>";
		};
		B75E81D12A0CEEF200D3616F /* CollectionCells */ = {
			isa = PBXGroup;
			children = (
				B75E81D22A0CEEF200D3616F /* BooksCollectionCell.swift */,
				B75E81D32A0CEEF200D3616F /* BooksCollectionCell.xib */,
				B7C6FC1B2A120E4F003BA164 /* HeaderCell.swift */,
				B7C6FC1C2A120E4F003BA164 /* HeaderCell.xib */,
				B7C6FC1F2A122352003BA164 /* FooterCell.swift */,
				B7C6FC202A122352003BA164 /* FooterCell.xib */,
				B7C6FC232A122EFC003BA164 /* EmailCell.swift */,
				B7C6FC242A122EFC003BA164 /* EmailCell.xib */,
			);
			name = CollectionCells;
			path = Cells/CollectionCells;
			sourceTree = "<group>";
		};
		B75E81D62A0CEF0500D3616F /* CollectionVC */ = {
			isa = PBXGroup;
			children = (
				B75E81D72A0CEF0500D3616F /* BooksCollectionVC.swift */,
			);
			name = CollectionVC;
			path = Cells/CollectionCells/CollectionVC;
			sourceTree = "<group>";
		};
		B76C8EE82A0BA30C001B3403 /* UI Components */ = {
			isa = PBXGroup;
			children = (
				B76C8EE92A0BA30C001B3403 /* ScrollVC.swift */,
				B76C8EEA2A0BA30C001B3403 /* ButtonVC.swift */,
				B76C8EEB2A0BA30C001B3403 /* SwitchVC.swift */,
				B76C8EED2A0BA30C001B3403 /* TextViewVC.swift */,
				B76C8EEC2A0BA30C001B3403 /* SegmentedControlVC.swift */,
				B76C8EEE2A0BA30C001B3403 /* TextFieldVC.swift */,
				B76C8EEF2A0BA30C001B3403 /* ProgressViewVC.swift */,
				B76C8EF02A0BA30C001B3403 /* SliderVC.swift */,
				B76C8EF12A0BA30C001B3403 /* StepperVC.swift */,
				B72C8B8C2A163F8400E11172 /* TabBarVC.swift */,
			);
			path = "UI Components";
			sourceTree = "<group>";
		};
		B76C8EFD2A0BA796001B3403 /* UIComponentsPart-2 */ = {
			isa = PBXGroup;
			children = (
				B76C8EFE2A0BA796001B3403 /* Model */,
				B76C8F032A0BA796001B3403 /* Views */,
			);
			name = "UIComponentsPart-2";
			path = "GreetingApp/UIComponentsPart-2";
			sourceTree = SOURCE_ROOT;
		};
		B76C8EFE2A0BA796001B3403 /* Model */ = {
			isa = PBXGroup;
			children = (
				B72AE5622A5297BA00371C09 /* ParkingLotModel.swift */,
				B75E81D92A0CEF5B00D3616F /* BooksAndEmails.swift */,
				B76C8EFF2A0BA796001B3403 /* ExpandableSectionDetails.swift */,
				B76C8F002A0BA796001B3403 /* UserDetails.swift */,
				B76C8F022A0BA796001B3403 /* CustomNames.swift */,
				B7260E3B2A1B3FD600A4C6C9 /* PickerData.swift */,
				B7EBA33A2A14A6980095F8DB /* Fruits.swift */,
				B7275CCC2A1E56830014BC56 /* LocationModel.swift */,
				B7D785A82A2074AB0091EF56 /* OnboardingScreenData.swift */,
				B72AE5852A52E4A500371C09 /* StackModel.swift */,
				B72AE5892A52F39B00371C09 /* StackResponseModel.swift */,
			);
			path = Model;
			sourceTree = "<group>";
		};
		B76C8F032A0BA796001B3403 /* Views */ = {
			isa = PBXGroup;
			children = (
				B76C8F042A0BA796001B3403 /* TableVC */,
				B75E81D12A0CEEF200D3616F /* CollectionCells */,
				B75E81D62A0CEF0500D3616F /* CollectionVC */,
				B76C8F092A0BA796001B3403 /* Cells */,
			);
			path = Views;
			sourceTree = "<group>";
		};
		B76C8F042A0BA796001B3403 /* TableVC */ = {
			isa = PBXGroup;
			children = (
				B76C8F052A0BA796001B3403 /* UIComponentsSecondPartVC.swift */,
				B76C8F062A0BA796001B3403 /* CustomTableVC.swift */,
				B76C8F072A0BA796001B3403 /* ExpandableVC.swift */,
				B76C8F082A0BA796001B3403 /* UserTableViewVC.swift */,
			);
			path = TableVC;
			sourceTree = "<group>";
		};
		B76C8F092A0BA796001B3403 /* Cells */ = {
			isa = PBXGroup;
			children = (
				B72AE56E2A5297E400371C09 /* ParkingLotTimeSheetCell.xib */,
				B72AE56C2A5297E000371C09 /* ParkingLotTimeSheetCell.swift */,
				B72AE56A2A5297D900371C09 /* ParkingLotHeaderCell.xib */,
				B72AE5682A5297D500371C09 /* ParkingLotHeaderCell.swift */,
				B72AE5642A5297C500371C09 /* ParkingLotCell.swift */,
				B72AE5662A5297CB00371C09 /* ParkingLotCell.xib */,
				B76C8F0A2A0BA796001B3403 /* CustomCell.swift */,
				B76C8F0B2A0BA796001B3403 /* ExpandableCell.swift */,
				B76C8F0C2A0BA796001B3403 /* UserTableViewCell.swift */,
				B76C8F0D2A0BA796001B3403 /* ExpandableCell.xib */,
				B7EBA3422A14A6FF0095F8DB /* SearchBarCell.swift */,
				B740DBF02A1E066F00D7D28C /* SearchBarCell.xib */,
			);
			path = Cells;
			sourceTree = "<group>";
		};
/* End PBXGroup section */

/* Begin PBXNativeTarget section */
		B700428A299DE92600FF5B4E /* GreetingApp */ = {
			isa = PBXNativeTarget;
			buildConfigurationList = B700429F299DE92700FF5B4E /* Build configuration list for PBXNativeTarget "GreetingApp" */;
			buildPhases = (
				BCFD26244EF79F505A208A34 /* [CP] Check Pods Manifest.lock */,
				B7004287299DE92600FF5B4E /* Sources */,
				B7004288299DE92600FF5B4E /* Frameworks */,
				B7004289299DE92600FF5B4E /* Resources */,
				11A423C84AACF23F46808ABD /* [CP] Embed Pods Frameworks */,
			);
			buildRules = (
			);
			dependencies = (
			);
			name = GreetingApp;
			productName = GreetingApp;
			productReference = B71FE6C62A1F946500C9990A /* GreetingApp.app */;
			productType = "com.apple.product-type.application";
		};
/* End PBXNativeTarget section */

/* Begin PBXProject section */
		B7004283299DE92600FF5B4E /* Project object */ = {
			isa = PBXProject;
			attributes = {
				BuildIndependentTargetsInParallel = 1;
				LastSwiftUpdateCheck = 1420;
				LastUpgradeCheck = 1420;
				TargetAttributes = {
					B700428A299DE92600FF5B4E = {
						CreatedOnToolsVersion = 14.2;
					};
				};
			};
			buildConfigurationList = B7004286299DE92600FF5B4E /* Build configuration list for PBXProject "GreetingApp" */;
			compatibilityVersion = "Xcode 14.0";
			developmentRegion = en;
			hasScannedForEncodings = 0;
			knownRegions = (
				en,
				Base,
			);
			mainGroup = B7004282299DE92600FF5B4E;
			productRefGroup = B7004282299DE92600FF5B4E;
			projectDirPath = "";
			projectRoot = "";
			targets = (
				B700428A299DE92600FF5B4E /* GreetingApp */,
			);
		};
/* End PBXProject section */

/* Begin PBXResourcesBuildPhase section */
		B7004289299DE92600FF5B4E /* Resources */ = {
			isa = PBXResourcesBuildPhase;
			buildActionMask = 2147483647;
			files = (
				B72AE5612A52979500371C09 /* ParkingLotScreen.storyboard in Resources */,
				B7275CC92A1E565B0014BC56 /* MapView.storyboard in Resources */,
				B7E72CBD2A1D1C4400D84812 /* SearchBar.storyboard in Resources */,
				B72AE5732A52A29E00371C09 /* ProfileScreen.storyboard in Resources */,
				B7C6FC1E2A120E4F003BA164 /* HeaderCell.xib in Resources */,
				B7D785A12A206F710091EF56 /* OnboardingScreen.storyboard in Resources */,
				B7D785AD2A207A1F0091EF56 /* OnboardingScreenCell.xib in Resources */,
				B700429B299DE92700FF5B4E /* LaunchScreen.storyboard in Resources */,
				B7004298299DE92700FF5B4E /* Assets.xcassets in Resources */,
				B7A4D82B2A53F8C100608AFD /* UserListStoryboard.storyboard in Resources */,
				B7EBA3452A14CC320095F8DB /* StackViewAndToolBar.storyboard in Resources */,
				B72AE56B2A5297D900371C09 /* ParkingLotHeaderCell.xib in Resources */,
				B7004296299DE92600FF5B4E /* Main.storyboard in Resources */,
				B76C8EFC2A0BA725001B3403 /* UIComponentsSecondPart.storyboard in Resources */,
				B7C6FC222A122352003BA164 /* FooterCell.xib in Resources */,
				B740DBF12A1E066F00D7D28C /* SearchBarCell.xib in Resources */,
				B738A77B2A25F51F00080BC8 /* NavigationController.storyboard in Resources */,
				B7A4D8312A53FA5600608AFD /* UserListCellTableViewCell.xib in Resources */,
				B72AE56F2A5297E400371C09 /* ParkingLotTimeSheetCell.xib in Resources */,
				B7C6FC262A122EFC003BA164 /* EmailCell.xib in Resources */,
				B7260E382A1B3A9E00A4C6C9 /* PickerView.storyboard in Resources */,
				B76C8EE72A0BA245001B3403 /* UIComponentsPart1.storyboard in Resources */,
				B76C8F192A0BA796001B3403 /* ExpandableCell.xib in Resources */,
				B72AE5672A5297CB00371C09 /* ParkingLotCell.xib in Resources */,
				B72C8B8B2A162D4100E11172 /* TabBar.storyboard in Resources */,
				B75E81D52A0CEEF200D3616F /* BooksCollectionCell.xib in Resources */,
				B72C8B8F2A1640EC00E11172 /* ImagePicker.storyboard in Resources */,
			);
			runOnlyForDeploymentPostprocessing = 0;
		};
/* End PBXResourcesBuildPhase section */

/* Begin PBXShellScriptBuildPhase section */
		11A423C84AACF23F46808ABD /* [CP] Embed Pods Frameworks */ = {
			isa = PBXShellScriptBuildPhase;
			buildActionMask = 2147483647;
			files = (
			);
			inputFileListPaths = (
				"${PODS_ROOT}/Target Support Files/Pods-GreetingApp/Pods-GreetingApp-frameworks-${CONFIGURATION}-input-files.xcfilelist",
			);
			name = "[CP] Embed Pods Frameworks";
			outputFileListPaths = (
				"${PODS_ROOT}/Target Support Files/Pods-GreetingApp/Pods-GreetingApp-frameworks-${CONFIGURATION}-output-files.xcfilelist",
			);
			runOnlyForDeploymentPostprocessing = 0;
			shellPath = /bin/sh;
			shellScript = "\"${PODS_ROOT}/Target Support Files/Pods-GreetingApp/Pods-GreetingApp-frameworks.sh\"\n";
			showEnvVarsInLog = 0;
		};
		BCFD26244EF79F505A208A34 /* [CP] Check Pods Manifest.lock */ = {
			isa = PBXShellScriptBuildPhase;
			buildActionMask = 2147483647;
			files = (
			);
			inputFileListPaths = (
			);
			inputPaths = (
				"${PODS_PODFILE_DIR_PATH}/Podfile.lock",
				"${PODS_ROOT}/Manifest.lock",
			);
			name = "[CP] Check Pods Manifest.lock";
			outputFileListPaths = (
			);
			outputPaths = (
				"$(DERIVED_FILE_DIR)/Pods-GreetingApp-checkManifestLockResult.txt",
			);
			runOnlyForDeploymentPostprocessing = 0;
			shellPath = /bin/sh;
			shellScript = "diff \"${PODS_PODFILE_DIR_PATH}/Podfile.lock\" \"${PODS_ROOT}/Manifest.lock\" > /dev/null\nif [ $? != 0 ] ; then\n    # print error to STDERR\n    echo \"error: The sandbox is not in sync with the Podfile.lock. Run 'pod install' or update your CocoaPods installation.\" >&2\n    exit 1\nfi\n# This output is used by Xcode 'outputs' to avoid re-running this script phase.\necho \"SUCCESS\" > \"${SCRIPT_OUTPUT_FILE_0}\"\n";
			showEnvVarsInLog = 0;
		};
/* End PBXShellScriptBuildPhase section */

/* Begin PBXSourcesBuildPhase section */
		B7004287299DE92600FF5B4E /* Sources */ = {
			isa = PBXSourcesBuildPhase;
			buildActionMask = 2147483647;
			files = (
				B75E81DE2A0D1CCE00D3616F /* Fonts.swift in Sources */,
				B738A7722A25D85700080BC8 /* FirstVC.swift in Sources */,
				B76C8F182A0BA796001B3403 /* UserTableViewCell.swift in Sources */,
				B73179AE2A24F968005DCBF3 /* SenderVC.swift in Sources */,
				B7A4D8302A53FA5600608AFD /* UserListCellTableViewCell.swift in Sources */,
				B72C8B8D2A163F8400E11172 /* TabBarVC.swift in Sources */,
				B7D785A92A2074AB0091EF56 /* OnboardingScreenData.swift in Sources */,
				B72AE5692A5297D500371C09 /* ParkingLotHeaderCell.swift in Sources */,
				B72AE5652A5297C500371C09 /* ParkingLotCell.swift in Sources */,
				B7275CCB2A1E567D0014BC56 /* MapViewVC.swift in Sources */,
				B72AE56D2A5297E000371C09 /* ParkingLotTimeSheetCell.swift in Sources */,
				B76C8EF22A0BA30D001B3403 /* ScrollVC.swift in Sources */,
				B72AE5772A52A2D100371C09 /* CloseAccountVC.swift in Sources */,
				B7EBA33B2A14A6980095F8DB /* Fruits.swift in Sources */,
				B76C8EF92A0BA30D001B3403 /* SliderVC.swift in Sources */,
				B76C8EF82A0BA30D001B3403 /* ProgressViewVC.swift in Sources */,
				B76C8F122A0BA796001B3403 /* UIComponentsSecondPartVC.swift in Sources */,
				B75E81DA2A0CEF5B00D3616F /* BooksAndEmails.swift in Sources */,
				B75E81DC2A0CEF9200D3616F /* UIImages.swift in Sources */,
				B700428F299DE92600FF5B4E /* AppDelegate.swift in Sources */,
				B71FE6C82A1F94B000C9990A /* GeeksForGeeksWebView.swift in Sources */,
				B7C6FC212A122352003BA164 /* FooterCell.swift in Sources */,
				B7D785A32A20702D0091EF56 /* OnboardingScreenVC.swift in Sources */,
				B76C8F142A0BA796001B3403 /* ExpandableVC.swift in Sources */,
				B7A4D8392A546B0D00608AFD /* UserDetailVC.swift in Sources */,
				B76C8EF42A0BA30D001B3403 /* SwitchVC.swift in Sources */,
				B76C8F102A0BA796001B3403 /* AppConstants.swift in Sources */,
				B7D785AC2A207A1F0091EF56 /* OnboardingScreenCell.swift in Sources */,
				B76C8EFA2A0BA30D001B3403 /* StepperVC.swift in Sources */,
				B72AE5632A5297BA00371C09 /* ParkingLotModel.swift in Sources */,
				B7A4D8372A5454CB00608AFD /* UIImages+extensions.swift in Sources */,
				B72AE5842A52E39F00371C09 /* StackViewModel.swift in Sources */,
				B76C8EF72A0BA30D001B3403 /* TextFieldVC.swift in Sources */,
				B75085262A2611B800D15861 /* UIComponentsHomeScreenVC.swift in Sources */,
				B76C8F152A0BA796001B3403 /* UserTableViewVC.swift in Sources */,
				B76C8EF62A0BA30D001B3403 /* TextViewVC.swift in Sources */,
				B7EBA33D2A14A6A20095F8DB /* SearchBarVC.swift in Sources */,
				B7223A442A470AD100C7F1AF /* LabelVC.swift in Sources */,
				B738A7792A25E32E00080BC8 /* MainCoordinator.swift in Sources */,
				B76C8F0E2A0BA796001B3403 /* ExpandableSectionDetails.swift in Sources */,
				B75E81D82A0CEF0500D3616F /* BooksCollectionVC.swift in Sources */,
				B72AE5712A5297FB00371C09 /* ParkingLotVC.swift in Sources */,
				B76C8F112A0BA796001B3403 /* CustomNames.swift in Sources */,
				B7D92E2B2A27580C002CF8AA /* PresentStylesVC.swift in Sources */,
				B7EBA3432A14A6FF0095F8DB /* SearchBarCell.swift in Sources */,
				B73179B02A24F96D005DCBF3 /* ReceiverVC.swift in Sources */,
				B76C8F172A0BA796001B3403 /* ExpandableCell.swift in Sources */,
				B76C8EF32A0BA30D001B3403 /* ButtonVC.swift in Sources */,
				B71FE6CA2A1F94D900C9990A /* URLs.swift in Sources */,
				B7C6FC252A122EFC003BA164 /* EmailCell.swift in Sources */,
				B7260E3C2A1B3FD600A4C6C9 /* PickerData.swift in Sources */,
				B76C8F0F2A0BA796001B3403 /* UserDetails.swift in Sources */,
				B72AE57F2A52DC3B00371C09 /* ApiManager.swift in Sources */,
				B7004291299DE92600FF5B4E /* SceneDelegate.swift in Sources */,
				B75E81D42A0CEEF200D3616F /* BooksCollectionCell.swift in Sources */,
				B738A7772A25DAC600080BC8 /* ThirdVC.swift in Sources */,
				B72AE5942A52FD8A00371C09 /* Dynamic.swift in Sources */,
				B72AE5882A52E58F00371C09 /* Convertible.swift in Sources */,
				B76C8F132A0BA796001B3403 /* CustomTableVC.swift in Sources */,
				B72AE5822A52E20200371C09 /* BaseViewModel.swift in Sources */,
				B7EBA3472A14CC7D0095F8DB /* StackViewVC.swift in Sources */,
				B72AE58A2A52F39B00371C09 /* StackResponseModel.swift in Sources */,
				B797BEE22A151D4500703F02 /* ImagePickerVC.swift in Sources */,
				B7A4D8352A540EDB00608AFD /* UserListViewModel.swift in Sources */,
				B738A7702A25D58600080BC8 /* NavigationControllerVC.swift in Sources */,
				B7223A462A470B0400C7F1AF /* TableViewVC.swift in Sources */,
				B7A4D82D2A53F8F900608AFD /* UserListVC.swift in Sources */,
				B7C6FC1D2A120E4F003BA164 /* HeaderCell.swift in Sources */,
				B7275CCD2A1E56830014BC56 /* LocationModel.swift in Sources */,
				B76C8F162A0BA796001B3403 /* CustomCell.swift in Sources */,
				B72AE5862A52E4A500371C09 /* StackModel.swift in Sources */,
				B7A4D8332A5400F600608AFD /* UserListModel.swift in Sources */,
				B7D92E2D2A275B06002CF8AA /* FourthVC.swift in Sources */,
				B7223A482A470CDD00C7F1AF /* HomeViewController.swift in Sources */,
				B72AE5922A52FB3300371C09 /* UIViewcontroller+extensions.swift in Sources */,
				B76C8EF52A0BA30D001B3403 /* SegmentedControlVC.swift in Sources */,
				B72AE5782A52A2D100371C09 /* ChangeEmailVC.swift in Sources */,
				B738A7742A25D8C500080BC8 /* SecondVC.swift in Sources */,
				B72AE5792A52A2D100371C09 /* ProfileScreenVC.swift in Sources */,
				B7260E3A2A1B3B3100A4C6C9 /* PickerViewVC.swift in Sources */,
			);
			runOnlyForDeploymentPostprocessing = 0;
		};
/* End PBXSourcesBuildPhase section */

/* Begin PBXVariantGroup section */
		B7004294299DE92600FF5B4E /* Main.storyboard */ = {
			isa = PBXVariantGroup;
			children = (
				B7004295299DE92600FF5B4E /* Base */,
			);
			name = Main.storyboard;
			sourceTree = "<group>";
		};
		B7004299299DE92700FF5B4E /* LaunchScreen.storyboard */ = {
			isa = PBXVariantGroup;
			children = (
				B700429A299DE92700FF5B4E /* Base */,
			);
			name = LaunchScreen.storyboard;
			sourceTree = "<group>";
		};
/* End PBXVariantGroup section */

/* Begin XCBuildConfiguration section */
		B700429D299DE92700FF5B4E /* Debug */ = {
			isa = XCBuildConfiguration;
			buildSettings = {
				ALWAYS_SEARCH_USER_PATHS = NO;
				CLANG_ANALYZER_NONNULL = YES;
				CLANG_ANALYZER_NUMBER_OBJECT_CONVERSION = YES_AGGRESSIVE;
				CLANG_CXX_LANGUAGE_STANDARD = "gnu++20";
				CLANG_ENABLE_MODULES = YES;
				CLANG_ENABLE_OBJC_ARC = YES;
				CLANG_ENABLE_OBJC_WEAK = YES;
				CLANG_WARN_BLOCK_CAPTURE_AUTORELEASING = YES;
				CLANG_WARN_BOOL_CONVERSION = YES;
				CLANG_WARN_COMMA = YES;
				CLANG_WARN_CONSTANT_CONVERSION = YES;
				CLANG_WARN_DEPRECATED_OBJC_IMPLEMENTATIONS = YES;
				CLANG_WARN_DIRECT_OBJC_ISA_USAGE = YES_ERROR;
				CLANG_WARN_DOCUMENTATION_COMMENTS = YES;
				CLANG_WARN_EMPTY_BODY = YES;
				CLANG_WARN_ENUM_CONVERSION = YES;
				CLANG_WARN_INFINITE_RECURSION = YES;
				CLANG_WARN_INT_CONVERSION = YES;
				CLANG_WARN_NON_LITERAL_NULL_CONVERSION = YES;
				CLANG_WARN_OBJC_IMPLICIT_RETAIN_SELF = YES;
				CLANG_WARN_OBJC_LITERAL_CONVERSION = YES;
				CLANG_WARN_OBJC_ROOT_CLASS = YES_ERROR;
				CLANG_WARN_QUOTED_INCLUDE_IN_FRAMEWORK_HEADER = YES;
				CLANG_WARN_RANGE_LOOP_ANALYSIS = YES;
				CLANG_WARN_STRICT_PROTOTYPES = YES;
				CLANG_WARN_SUSPICIOUS_MOVE = YES;
				CLANG_WARN_UNGUARDED_AVAILABILITY = YES_AGGRESSIVE;
				CLANG_WARN_UNREACHABLE_CODE = YES;
				CLANG_WARN__DUPLICATE_METHOD_MATCH = YES;
				COPY_PHASE_STRIP = NO;
				DEBUG_INFORMATION_FORMAT = dwarf;
				ENABLE_STRICT_OBJC_MSGSEND = YES;
				ENABLE_TESTABILITY = YES;
				GCC_C_LANGUAGE_STANDARD = gnu11;
				GCC_DYNAMIC_NO_PIC = NO;
				GCC_NO_COMMON_BLOCKS = YES;
				GCC_OPTIMIZATION_LEVEL = 0;
				GCC_PREPROCESSOR_DEFINITIONS = (
					"DEBUG=1",
					"$(inherited)",
				);
				GCC_WARN_64_TO_32_BIT_CONVERSION = YES;
				GCC_WARN_ABOUT_RETURN_TYPE = YES_ERROR;
				GCC_WARN_UNDECLARED_SELECTOR = YES;
				GCC_WARN_UNINITIALIZED_AUTOS = YES_AGGRESSIVE;
				GCC_WARN_UNUSED_FUNCTION = YES;
				GCC_WARN_UNUSED_VARIABLE = YES;
				IPHONEOS_DEPLOYMENT_TARGET = 16.2;
				MTL_ENABLE_DEBUG_INFO = INCLUDE_SOURCE;
				MTL_FAST_MATH = YES;
				ONLY_ACTIVE_ARCH = YES;
				SDKROOT = iphoneos;
				SWIFT_ACTIVE_COMPILATION_CONDITIONS = DEBUG;
				SWIFT_OPTIMIZATION_LEVEL = "-Onone";
			};
			name = Debug;
		};
		B700429E299DE92700FF5B4E /* Release */ = {
			isa = XCBuildConfiguration;
			buildSettings = {
				ALWAYS_SEARCH_USER_PATHS = NO;
				CLANG_ANALYZER_NONNULL = YES;
				CLANG_ANALYZER_NUMBER_OBJECT_CONVERSION = YES_AGGRESSIVE;
				CLANG_CXX_LANGUAGE_STANDARD = "gnu++20";
				CLANG_ENABLE_MODULES = YES;
				CLANG_ENABLE_OBJC_ARC = YES;
				CLANG_ENABLE_OBJC_WEAK = YES;
				CLANG_WARN_BLOCK_CAPTURE_AUTORELEASING = YES;
				CLANG_WARN_BOOL_CONVERSION = YES;
				CLANG_WARN_COMMA = YES;
				CLANG_WARN_CONSTANT_CONVERSION = YES;
				CLANG_WARN_DEPRECATED_OBJC_IMPLEMENTATIONS = YES;
				CLANG_WARN_DIRECT_OBJC_ISA_USAGE = YES_ERROR;
				CLANG_WARN_DOCUMENTATION_COMMENTS = YES;
				CLANG_WARN_EMPTY_BODY = YES;
				CLANG_WARN_ENUM_CONVERSION = YES;
				CLANG_WARN_INFINITE_RECURSION = YES;
				CLANG_WARN_INT_CONVERSION = YES;
				CLANG_WARN_NON_LITERAL_NULL_CONVERSION = YES;
				CLANG_WARN_OBJC_IMPLICIT_RETAIN_SELF = YES;
				CLANG_WARN_OBJC_LITERAL_CONVERSION = YES;
				CLANG_WARN_OBJC_ROOT_CLASS = YES_ERROR;
				CLANG_WARN_QUOTED_INCLUDE_IN_FRAMEWORK_HEADER = YES;
				CLANG_WARN_RANGE_LOOP_ANALYSIS = YES;
				CLANG_WARN_STRICT_PROTOTYPES = YES;
				CLANG_WARN_SUSPICIOUS_MOVE = YES;
				CLANG_WARN_UNGUARDED_AVAILABILITY = YES_AGGRESSIVE;
				CLANG_WARN_UNREACHABLE_CODE = YES;
				CLANG_WARN__DUPLICATE_METHOD_MATCH = YES;
				COPY_PHASE_STRIP = NO;
				DEBUG_INFORMATION_FORMAT = "dwarf-with-dsym";
				ENABLE_NS_ASSERTIONS = NO;
				ENABLE_STRICT_OBJC_MSGSEND = YES;
				GCC_C_LANGUAGE_STANDARD = gnu11;
				GCC_NO_COMMON_BLOCKS = YES;
				GCC_WARN_64_TO_32_BIT_CONVERSION = YES;
				GCC_WARN_ABOUT_RETURN_TYPE = YES_ERROR;
				GCC_WARN_UNDECLARED_SELECTOR = YES;
				GCC_WARN_UNINITIALIZED_AUTOS = YES_AGGRESSIVE;
				GCC_WARN_UNUSED_FUNCTION = YES;
				GCC_WARN_UNUSED_VARIABLE = YES;
				IPHONEOS_DEPLOYMENT_TARGET = 16.2;
				MTL_ENABLE_DEBUG_INFO = NO;
				MTL_FAST_MATH = YES;
				SDKROOT = iphoneos;
				SWIFT_COMPILATION_MODE = wholemodule;
				SWIFT_OPTIMIZATION_LEVEL = "-O";
				VALIDATE_PRODUCT = YES;
			};
			name = Release;
		};
		B70042A0299DE92700FF5B4E /* Debug */ = {
			isa = XCBuildConfiguration;
			baseConfigurationReference = 6A5B0EC4BF0761C28FFA3591 /* Pods-GreetingApp.debug.xcconfig */;
			buildSettings = {
				ASSETCATALOG_COMPILER_APPICON_NAME = AppIcon;
				ASSETCATALOG_COMPILER_GLOBAL_ACCENT_COLOR_NAME = AccentColor;
				CODE_SIGN_STYLE = Automatic;
				CURRENT_PROJECT_VERSION = 1;
				GENERATE_INFOPLIST_FILE = YES;
				INFOPLIST_FILE = GreetingApp/Info.plist;
				INFOPLIST_KEY_NSLocationAlwaysAndWhenInUseUsageDescription = "";
				INFOPLIST_KEY_NSLocationAlwaysUsageDescription = "";
				INFOPLIST_KEY_UIApplicationSupportsIndirectInputEvents = YES;
				INFOPLIST_KEY_UILaunchStoryboardName = LaunchScreen;
				INFOPLIST_KEY_UIMainStoryboardFile = Main;
				INFOPLIST_KEY_UISupportedInterfaceOrientations_iPhone = "UIInterfaceOrientationPortrait UIInterfaceOrientationLandscapeLeft UIInterfaceOrientationLandscapeRight";
				IPHONEOS_DEPLOYMENT_TARGET = 16.2;
				LD_RUNPATH_SEARCH_PATHS = (
					"$(inherited)",
					"@executable_path/Frameworks",
				);
				MARKETING_VERSION = 1.0;
				PRODUCT_BUNDLE_IDENTIFIER = com.simform.GreetingApp;
				PRODUCT_NAME = "$(TARGET_NAME)";
				SWIFT_EMIT_LOC_STRINGS = YES;
				SWIFT_VERSION = 5.0;
				TARGETED_DEVICE_FAMILY = "1,2";
			};
			name = Debug;
		};
		B70042A1299DE92700FF5B4E /* Release */ = {
			isa = XCBuildConfiguration;
			baseConfigurationReference = BBDDA6999FB2FB129D3F4D98 /* Pods-GreetingApp.release.xcconfig */;
			buildSettings = {
				ASSETCATALOG_COMPILER_APPICON_NAME = AppIcon;
				ASSETCATALOG_COMPILER_GLOBAL_ACCENT_COLOR_NAME = AccentColor;
				CODE_SIGN_STYLE = Automatic;
				CURRENT_PROJECT_VERSION = 1;
				GENERATE_INFOPLIST_FILE = YES;
				INFOPLIST_FILE = GreetingApp/Info.plist;
				INFOPLIST_KEY_NSLocationAlwaysAndWhenInUseUsageDescription = "";
				INFOPLIST_KEY_NSLocationAlwaysUsageDescription = "";
				INFOPLIST_KEY_UIApplicationSupportsIndirectInputEvents = YES;
				INFOPLIST_KEY_UILaunchStoryboardName = LaunchScreen;
				INFOPLIST_KEY_UIMainStoryboardFile = Main;
				INFOPLIST_KEY_UISupportedInterfaceOrientations_iPhone = "UIInterfaceOrientationPortrait UIInterfaceOrientationLandscapeLeft UIInterfaceOrientationLandscapeRight";
				IPHONEOS_DEPLOYMENT_TARGET = 16.2;
				LD_RUNPATH_SEARCH_PATHS = (
					"$(inherited)",
					"@executable_path/Frameworks",
				);
				MARKETING_VERSION = 1.0;
				PRODUCT_BUNDLE_IDENTIFIER = com.simform.GreetingApp;
				PRODUCT_NAME = "$(TARGET_NAME)";
				SWIFT_EMIT_LOC_STRINGS = YES;
				SWIFT_VERSION = 5.0;
				TARGETED_DEVICE_FAMILY = "1,2";
			};
			name = Release;
		};
/* End XCBuildConfiguration section */

/* Begin XCConfigurationList section */
		B7004286299DE92600FF5B4E /* Build configuration list for PBXProject "GreetingApp" */ = {
			isa = XCConfigurationList;
			buildConfigurations = (
				B700429D299DE92700FF5B4E /* Debug */,
				B700429E299DE92700FF5B4E /* Release */,
			);
			defaultConfigurationIsVisible = 0;
			defaultConfigurationName = Release;
		};
		B700429F299DE92700FF5B4E /* Build configuration list for PBXNativeTarget "GreetingApp" */ = {
			isa = XCConfigurationList;
			buildConfigurations = (
				B70042A0299DE92700FF5B4E /* Debug */,
				B70042A1299DE92700FF5B4E /* Release */,
			);
			defaultConfigurationIsVisible = 0;
			defaultConfigurationName = Release;
		};
/* End XCConfigurationList section */
	};
	rootObject = B7004283299DE92600FF5B4E /* Project object */;
}
